// !$*UTF8*$!
{
	archiveVersion = 1;
	classes = {
	};
	objectVersion = 46;
	objects = {

/* Begin PBXBuildFile section */
		0046727E1FBBAEEF00A91A29 /* InventarioSOMSMW.swift in Sources */ = {isa = PBXBuildFile; fileRef = 0046727D1FBBAEEF00A91A29 /* InventarioSOMSMW.swift */; };
		004672881FBBBC3500A91A29 /* GetConsultaSkuPoolRecordMW.swift in Sources */ = {isa = PBXBuildFile; fileRef = 004672851FBBBC3500A91A29 /* GetConsultaSkuPoolRecordMW.swift */; };
		004672891FBBBC3500A91A29 /* GetConsultaSkuPoolResponseMW.swift in Sources */ = {isa = PBXBuildFile; fileRef = 004672861FBBBC3500A91A29 /* GetConsultaSkuPoolResponseMW.swift */; };
		0046728A1FBBBC3500A91A29 /* GetConsultaSkuPoolHeaderMW.swift in Sources */ = {isa = PBXBuildFile; fileRef = 004672871FBBBC3500A91A29 /* GetConsultaSkuPoolHeaderMW.swift */; };
		029CB05D096F97A9AE5265C3 /* Pods_SellerAppNetworkingMW.framework in Frameworks */ = {isa = PBXBuildFile; fileRef = D7D3AB2DC56018663124B01D /* Pods_SellerAppNetworkingMW.framework */; };
		144949202124D6C5005C6543 /* SellersOfferDetails.swift in Sources */ = {isa = PBXBuildFile; fileRef = 1449491D2124D6C5005C6543 /* SellersOfferDetails.swift */; };
		144949222124D6E4005C6543 /* OfferDetailResponse.swift in Sources */ = {isa = PBXBuildFile; fileRef = 144949212124D6E4005C6543 /* OfferDetailResponse.swift */; };
		144949242124DD02005C6543 /* StatusOffer.swift in Sources */ = {isa = PBXBuildFile; fileRef = 144949232124DD02005C6543 /* StatusOffer.swift */; };
		14646416212E0885004F842C /* StatusSeller.swift in Sources */ = {isa = PBXBuildFile; fileRef = 14646415212E0885004F842C /* StatusSeller.swift */; };
		1490EADF212E000E00657114 /* Recommendation.swift in Sources */ = {isa = PBXBuildFile; fileRef = 1490EAD9212E000D00657114 /* Recommendation.swift */; };
		1490EAE0212E000E00657114 /* ContactInfo.swift in Sources */ = {isa = PBXBuildFile; fileRef = 1490EADA212E000E00657114 /* ContactInfo.swift */; };
		1490EAE2212E000E00657114 /* EvaltionsInfoBeanList.swift in Sources */ = {isa = PBXBuildFile; fileRef = 1490EADC212E000E00657114 /* EvaltionsInfoBeanList.swift */; };
		1490EAE3212E000E00657114 /* WarehouseInfo.swift in Sources */ = {isa = PBXBuildFile; fileRef = 1490EADD212E000E00657114 /* WarehouseInfo.swift */; };
		1490EAE5212E002700657114 /* SellerDetailsResponse.swift in Sources */ = {isa = PBXBuildFile; fileRef = 1490EAE4212E002700657114 /* SellerDetailsResponse.swift */; };
		1493909C2153F01600DCEC94 /* StoreDetailResponse.swift in Sources */ = {isa = PBXBuildFile; fileRef = 144AC6FA214963E700FB38E1 /* StoreDetailResponse.swift */; };
		2B11985B1F01AE5900C7A1FC /* Records.swift in Sources */ = {isa = PBXBuildFile; fileRef = 2B11985A1F01AE5900C7A1FC /* Records.swift */; };
		2B11985D1F01AE7F00C7A1FC /* PLPState.swift in Sources */ = {isa = PBXBuildFile; fileRef = 2B11985C1F01AE7F00C7A1FC /* PLPState.swift */; };
		2B11985F1F01B02200C7A1FC /* RefinementGroups.swift in Sources */ = {isa = PBXBuildFile; fileRef = 2B11985E1F01B02200C7A1FC /* RefinementGroups.swift */; };
		2B1198611F01B06D00C7A1FC /* Refinement.swift in Sources */ = {isa = PBXBuildFile; fileRef = 2B1198601F01B06D00C7A1FC /* Refinement.swift */; };
		2B1198631F01B1F100C7A1FC /* SortOptions.swift in Sources */ = {isa = PBXBuildFile; fileRef = 2B1198621F01B1F100C7A1FC /* SortOptions.swift */; };
		2B1198651F01B2EC00C7A1FC /* MacVariantsInfo.swift in Sources */ = {isa = PBXBuildFile; fileRef = 2B1198641F01B2EC00C7A1FC /* MacVariantsInfo.swift */; };
		2B1310E71F016E5500611EC9 /* Home.swift in Sources */ = {isa = PBXBuildFile; fileRef = 2B1310E61F016E5500611EC9 /* Home.swift */; };
		2B1310E91F016EAB00611EC9 /* CarousalBanners.swift in Sources */ = {isa = PBXBuildFile; fileRef = 2B1310E81F016EAB00611EC9 /* CarousalBanners.swift */; };
		2B1310EB1F016ECF00611EC9 /* StackBanners.swift in Sources */ = {isa = PBXBuildFile; fileRef = 2B1310EA1F016ECF00611EC9 /* StackBanners.swift */; };
		2B1310EF1F01704B00611EC9 /* BestSellerProducts.swift in Sources */ = {isa = PBXBuildFile; fileRef = 2B1310EE1F01704B00611EC9 /* BestSellerProducts.swift */; };
		2B396EB51EFF5CEE008194C8 /* AsyncClientMW.swift in Sources */ = {isa = PBXBuildFile; fileRef = 2B396EB11EFF5CEE008194C8 /* AsyncClientMW.swift */; };
		2B396EB61EFF5CEE008194C8 /* CategoryInfo.swift in Sources */ = {isa = PBXBuildFile; fileRef = 2B396EB21EFF5CEE008194C8 /* CategoryInfo.swift */; };
		2B396EB71EFF5CEE008194C8 /* MenuLevel.swift in Sources */ = {isa = PBXBuildFile; fileRef = 2B396EB31EFF5CEE008194C8 /* MenuLevel.swift */; };
		2B396EB81EFF5CEE008194C8 /* BackendUrlManager.swift in Sources */ = {isa = PBXBuildFile; fileRef = 2B396EB41EFF5CEE008194C8 /* BackendUrlManager.swift */; };
		2B3BE25A1F306F8C00726D14 /* SKUsImages.swift in Sources */ = {isa = PBXBuildFile; fileRef = 2B3BE2591F306F8C00726D14 /* SKUsImages.swift */; };
		2B3BE25C1F306FB900726D14 /* Sku.swift in Sources */ = {isa = PBXBuildFile; fileRef = 2B3BE25B1F306FB900726D14 /* Sku.swift */; };
		2B3C78381F02AE9100FAB4BA /* PLPLevel.swift in Sources */ = {isa = PBXBuildFile; fileRef = 2B3C78371F02AE9100FAB4BA /* PLPLevel.swift */; };
		2B7FD14C1F01BE5A00232C66 /* PLPResults.swift in Sources */ = {isa = PBXBuildFile; fileRef = 2B7FD14B1F01BE5A00232C66 /* PLPResults.swift */; };
		2B7FD14E1F01C46700232C66 /* PLPParameters.swift in Sources */ = {isa = PBXBuildFile; fileRef = 2B7FD14D1F01C46700232C66 /* PLPParameters.swift */; };
		2BE72FD01EFDFDA9009AC510 /* SellerAppNetworkingMW.framework in Frameworks */ = {isa = PBXBuildFile; fileRef = 2BE72FC61EFDFDA9009AC510 /* SellerAppNetworkingMW.framework */; };
		2BE72FD51EFDFDA9009AC510 /* SellerAppNetworkingMWTests.swift in Sources */ = {isa = PBXBuildFile; fileRef = 2BE72FD41EFDFDA9009AC510 /* SellerAppNetworkingMWTests.swift */; };
		2BE72FD71EFDFDA9009AC510 /* SellerAppNetworkingMW.h in Headers */ = {isa = PBXBuildFile; fileRef = 2BE72FC91EFDFDA9009AC510 /* SellerAppNetworkingMW.h */; settings = {ATTRIBUTES = (Public, ); }; };
		2BE72FE11EFE0014009AC510 /* Greeting.swift in Sources */ = {isa = PBXBuildFile; fileRef = 2BE72FE01EFE0014009AC510 /* Greeting.swift */; };
		552B99421F1D1E4100F1E622 /* OrdersLevel.swift in Sources */ = {isa = PBXBuildFile; fileRef = 552B99411F1D1E4100F1E622 /* OrdersLevel.swift */; };
		552B99441F1D1E8F00F1E622 /* Skuarray.swift in Sources */ = {isa = PBXBuildFile; fileRef = 552B99431F1D1E8F00F1E622 /* Skuarray.swift */; };
		5593FE001F1FBBD80012E8B2 /* ProductListOrder.swift in Sources */ = {isa = PBXBuildFile; fileRef = 5593FDFF1F1FBBD80012E8B2 /* ProductListOrder.swift */; };
		5593FE021F1FBBE40012E8B2 /* RemisionesConsultaOrdenresponse.swift in Sources */ = {isa = PBXBuildFile; fileRef = 5593FE011F1FBBE40012E8B2 /* RemisionesConsultaOrdenresponse.swift */; };
		5593FE041F1FBBF20012E8B2 /* direccionDestinatario.swift in Sources */ = {isa = PBXBuildFile; fileRef = 5593FE031F1FBBF20012E8B2 /* direccionDestinatario.swift */; };
		63064D0B21652A1100044D49 /* StatusSS.swift in Sources */ = {isa = PBXBuildFile; fileRef = 63064D0521652A0E00044D49 /* StatusSS.swift */; };
		63064D0C21652A1100044D49 /* ProductsSS.swift in Sources */ = {isa = PBXBuildFile; fileRef = 63064D0621652A0E00044D49 /* ProductsSS.swift */; };
		63064D0D21652A1100044D49 /* SellerInfoSS.swift in Sources */ = {isa = PBXBuildFile; fileRef = 63064D0721652A0E00044D49 /* SellerInfoSS.swift */; };
		63064D0E21652A1100044D49 /* ShippmentStatusSS.swift in Sources */ = {isa = PBXBuildFile; fileRef = 63064D0821652A0F00044D49 /* ShippmentStatusSS.swift */; };
		63064D0F21652A1100044D49 /* ShipmentStatusBase.swift in Sources */ = {isa = PBXBuildFile; fileRef = 63064D0921652A0F00044D49 /* ShipmentStatusBase.swift */; };
		63064D1021652A1100044D49 /* ShippingSS.swift in Sources */ = {isa = PBXBuildFile; fileRef = 63064D0A21652A1000044D49 /* ShippingSS.swift */; };
		6326E48F215EC6670034A1DF /* Purchases.swift in Sources */ = {isa = PBXBuildFile; fileRef = 6326E48E215EC6670034A1DF /* Purchases.swift */; };
		6326E493215EC6890034A1DF /* ShippingGroups.swift in Sources */ = {isa = PBXBuildFile; fileRef = 6326E490215EC6890034A1DF /* ShippingGroups.swift */; };
		6326E494215EC6890034A1DF /* Delivery.swift in Sources */ = {isa = PBXBuildFile; fileRef = 6326E491215EC6890034A1DF /* Delivery.swift */; };
		6326E495215EC6890034A1DF /* Payment.swift in Sources */ = {isa = PBXBuildFile; fileRef = 6326E492215EC6890034A1DF /* Payment.swift */; };
		6326E498215EC69F0034A1DF /* Edd.swift in Sources */ = {isa = PBXBuildFile; fileRef = 6326E496215EC69F0034A1DF /* Edd.swift */; };
		6326E499215EC69F0034A1DF /* Products.swift in Sources */ = {isa = PBXBuildFile; fileRef = 6326E497215EC69F0034A1DF /* Products.swift */; };
		63690016215533AB009C4624 /* ZonasBlancas.swift in Sources */ = {isa = PBXBuildFile; fileRef = 63690015215533AB009C4624 /* ZonasBlancas.swift */; };
		636A1AE5216153EF00649D7A /* ArrayPurchase.swift in Sources */ = {isa = PBXBuildFile; fileRef = 636A1AE4216153EF00649D7A /* ArrayPurchase.swift */; };
		71992E181F576BB100EE35A2 /* ShoppingListResponse.swift in Sources */ = {isa = PBXBuildFile; fileRef = 71992E171F576BB100EE35A2 /* ShoppingListResponse.swift */; };
		71992E1A1F576C0200EE35A2 /* DatosCliente.swift in Sources */ = {isa = PBXBuildFile; fileRef = 71992E191F576C0200EE35A2 /* DatosCliente.swift */; };
		71992E1C1F576C3200EE35A2 /* ListaSku.swift in Sources */ = {isa = PBXBuildFile; fileRef = 71992E1B1F576C3200EE35A2 /* ListaSku.swift */; };
		71C31D8A1F1980C0003E7449 /* MiddlewareResponse.swift in Sources */ = {isa = PBXBuildFile; fileRef = 71C31D891F1980C0003E7449 /* MiddlewareResponse.swift */; };
		71C31D8C1F1980D0003E7449 /* Results.swift in Sources */ = {isa = PBXBuildFile; fileRef = 71C31D8B1F1980D0003E7449 /* Results.swift */; };
		834B7F411F6AFD3700146495 /* VariantsColor.swift in Sources */ = {isa = PBXBuildFile; fileRef = 834B7F401F6AFD3700146495 /* VariantsColor.swift */; };
		8353927C1F631F8800FD3FFC /* PlpFlags.swift in Sources */ = {isa = PBXBuildFile; fileRef = 8353927B1F631F8800FD3FFC /* PlpFlags.swift */; };
		A94093FE1FCDE9620077C430 /* Flush.swift in Sources */ = {isa = PBXBuildFile; fileRef = A94093FD1FCDE9620077C430 /* Flush.swift */; };
		A95358001F2BDDCA00369111 /* DynamicAttributes.swift in Sources */ = {isa = PBXBuildFile; fileRef = A95357FF1F2BDDCA00369111 /* DynamicAttributes.swift */; };
		A96A694A1F20676100407A82 /* PDPLevel.swift in Sources */ = {isa = PBXBuildFile; fileRef = A96A69491F20676100407A82 /* PDPLevel.swift */; };
		A96A694D1F2068FB00407A82 /* CarruselDummy.swift in Sources */ = {isa = PBXBuildFile; fileRef = A96A694C1F2068FB00407A82 /* CarruselDummy.swift */; };
		A96A694F1F20693600407A82 /* RecommendedItems.swift in Sources */ = {isa = PBXBuildFile; fileRef = A96A694E1F20693600407A82 /* RecommendedItems.swift */; };
		A96A69511F206C2400407A82 /* BuscaProducto.swift in Sources */ = {isa = PBXBuildFile; fileRef = A96A69501F206C2400407A82 /* BuscaProducto.swift */; };
		A96A69531F206D5700407A82 /* ProductInfo.swift in Sources */ = {isa = PBXBuildFile; fileRef = A96A69521F206D5700407A82 /* ProductInfo.swift */; };
		A96A69551F206DB800407A82 /* Images.swift in Sources */ = {isa = PBXBuildFile; fileRef = A96A69541F206DB800407A82 /* Images.swift */; };
		A96A69571F206DFC00407A82 /* RatingDetails.swift in Sources */ = {isa = PBXBuildFile; fileRef = A96A69561F206DFC00407A82 /* RatingDetails.swift */; };
		A96A69591F206E4200407A82 /* EddInfo.swift in Sources */ = {isa = PBXBuildFile; fileRef = A96A69581F206E4200407A82 /* EddInfo.swift */; };
		A96A695B1F206FB300407A82 /* Promotions.swift in Sources */ = {isa = PBXBuildFile; fileRef = A96A695A1F206FB300407A82 /* Promotions.swift */; };
		A96A695D1F206FF800407A82 /* Flags.swift in Sources */ = {isa = PBXBuildFile; fileRef = A96A695C1F206FF800407A82 /* Flags.swift */; };
		A96A695F1F20703300407A82 /* Gwp.swift in Sources */ = {isa = PBXBuildFile; fileRef = A96A695E1F20703300407A82 /* Gwp.swift */; };
		A96A69611F20766A00407A82 /* Recommendations.swift in Sources */ = {isa = PBXBuildFile; fileRef = A96A69601F20766A00407A82 /* Recommendations.swift */; };
		A96A69631F2076E600407A82 /* Inventario.swift in Sources */ = {isa = PBXBuildFile; fileRef = A96A69621F2076E600407A82 /* Inventario.swift */; };
		A96A69651F20779800407A82 /* Attributes.swift in Sources */ = {isa = PBXBuildFile; fileRef = A96A69641F20779800407A82 /* Attributes.swift */; };
		A96A69671F2077D700407A82 /* InventarioFull.swift in Sources */ = {isa = PBXBuildFile; fileRef = A96A69661F2077D700407A82 /* InventarioFull.swift */; };
		A96A69691F20781D00407A82 /* ConsultaSkuInventarioResponse.swift in Sources */ = {isa = PBXBuildFile; fileRef = A96A69681F20781D00407A82 /* ConsultaSkuInventarioResponse.swift */; };
		A96A696B1F20787500407A82 /* SapInventario.swift in Sources */ = {isa = PBXBuildFile; fileRef = A96A696A1F20787500407A82 /* SapInventario.swift */; };
		A96A696D1F20797100407A82 /* SapSkuInventario.swift in Sources */ = {isa = PBXBuildFile; fileRef = A96A696C1F20797100407A82 /* SapSkuInventario.swift */; };
		A96A696F1F207B7600407A82 /* VariantsInfo.swift in Sources */ = {isa = PBXBuildFile; fileRef = A96A696E1F207B7600407A82 /* VariantsInfo.swift */; };
		A96A69731F21057C00407A82 /* PDPParameters.swift in Sources */ = {isa = PBXBuildFile; fileRef = A96A69721F21057C00407A82 /* PDPParameters.swift */; };
		A9A0EE111F0C528D0092DA45 /* GiftRegistryParamaters.swift in Sources */ = {isa = PBXBuildFile; fileRef = A9A0EE101F0C528D0092DA45 /* GiftRegistryParamaters.swift */; };
		A9A0EE131F0CAB260092DA45 /* GiftRegistryPLPLevel.swift in Sources */ = {isa = PBXBuildFile; fileRef = A9A0EE121F0CAB260092DA45 /* GiftRegistryPLPLevel.swift */; };
		A9A0EE161F0CAC190092DA45 /* ListaEventoResponse.swift in Sources */ = {isa = PBXBuildFile; fileRef = A9A0EE151F0CAC190092DA45 /* ListaEventoResponse.swift */; };
		A9A0EE181F0CAC810092DA45 /* ListaDirecciones.swift in Sources */ = {isa = PBXBuildFile; fileRef = A9A0EE171F0CAC810092DA45 /* ListaDirecciones.swift */; };
		A9A0EE1A1F0CACDA0092DA45 /* ListaFestejados.swift in Sources */ = {isa = PBXBuildFile; fileRef = A9A0EE191F0CACDA0092DA45 /* ListaFestejados.swift */; };
		A9A0EE1C1F0CAD170092DA45 /* ListaArticulos.swift in Sources */ = {isa = PBXBuildFile; fileRef = A9A0EE1B1F0CAD170092DA45 /* ListaArticulos.swift */; };
		A9CA18BC1F7C4E9800F9ACBE /* Benefits.swift in Sources */ = {isa = PBXBuildFile; fileRef = A9CA18BB1F7C4E9800F9ACBE /* Benefits.swift */; };
		A9CA18C51F7C536F00F9ACBE /* MWItems.swift in Sources */ = {isa = PBXBuildFile; fileRef = A9CA18C41F7C536F00F9ACBE /* MWItems.swift */; };
		A9CA18C71F7C53A800F9ACBE /* Porcentaje.swift in Sources */ = {isa = PBXBuildFile; fileRef = A9CA18C61F7C53A800F9ACBE /* Porcentaje.swift */; };
		A9CA18C91F7D93EE00F9ACBE /* BenefitOptions.swift in Sources */ = {isa = PBXBuildFile; fileRef = A9CA18C81F7D93EE00F9ACBE /* BenefitOptions.swift */; };
		B517F2712085081800194972 /* EventOwners.swift in Sources */ = {isa = PBXBuildFile; fileRef = B517F2702085081800194972 /* EventOwners.swift */; };
		B517F27320850A2900194972 /* CategoryProductsGiftList.swift in Sources */ = {isa = PBXBuildFile; fileRef = B517F27220850A2900194972 /* CategoryProductsGiftList.swift */; };
		B517F27520850AD700194972 /* GiftListItems.swift in Sources */ = {isa = PBXBuildFile; fileRef = B517F27420850AD700194972 /* GiftListItems.swift */; };
		B517F27920850E5900194972 /* Status.swift in Sources */ = {isa = PBXBuildFile; fileRef = B517F27820850E5900194972 /* Status.swift */; };
		B517F27B20850EAF00194972 /* EventDetail.swift in Sources */ = {isa = PBXBuildFile; fileRef = B517F27A20850EAF00194972 /* EventDetail.swift */; };
		B517F27D2085112500194972 /* EventSearch.swift in Sources */ = {isa = PBXBuildFile; fileRef = B517F27C2085112500194972 /* EventSearch.swift */; };
		B517F27F2085122B00194972 /* Events.swift in Sources */ = {isa = PBXBuildFile; fileRef = B517F27E2085122B00194972 /* Events.swift */; };
		B51B56512097CD5800C6102A /* Address.swift in Sources */ = {isa = PBXBuildFile; fileRef = B51B56502097CD5800C6102A /* Address.swift */; };
		F40AFCFD212B26B500829426 /* MarketPlaceOffers.swift in Sources */ = {isa = PBXBuildFile; fileRef = F40AFCFC212B26B500829426 /* MarketPlaceOffers.swift */; };
		F40AFCFF212B26C600829426 /* SkuOffers.swift in Sources */ = {isa = PBXBuildFile; fileRef = F40AFCFE212B26C600829426 /* SkuOffers.swift */; };
		F40AFD01212B26E500829426 /* InventoryMKP.swift in Sources */ = {isa = PBXBuildFile; fileRef = F40AFD00212B26E500829426 /* InventoryMKP.swift */; };
		F41A637220B74F2C00917538 /* MWResponse.swift in Sources */ = {isa = PBXBuildFile; fileRef = F41A637120B74F2C00917538 /* MWResponse.swift */; };
		F41CBB6620938F200002452B /* EventSearchDetail.swift in Sources */ = {isa = PBXBuildFile; fileRef = F41CBB5B20938F1F0002452B /* EventSearchDetail.swift */; };
		F41CBB6720938F200002452B /* EventInfo.swift in Sources */ = {isa = PBXBuildFile; fileRef = F41CBB5C20938F1F0002452B /* EventInfo.swift */; };
		F41CBB6820938F200002452B /* CelebratedList.swift in Sources */ = {isa = PBXBuildFile; fileRef = F41CBB5D20938F200002452B /* CelebratedList.swift */; };
		F41CBB6920938F200002452B /* GuestInfo.swift in Sources */ = {isa = PBXBuildFile; fileRef = F41CBB5E20938F200002452B /* GuestInfo.swift */; };
		F41CBB6A20938F200002452B /* PurchaseInfo.swift in Sources */ = {isa = PBXBuildFile; fileRef = F41CBB5F20938F200002452B /* PurchaseInfo.swift */; };
		F41CBB6B20938F200002452B /* CategoryItemsInfo.swift in Sources */ = {isa = PBXBuildFile; fileRef = F41CBB6020938F200002452B /* CategoryItemsInfo.swift */; };
		F41CBB6C20938F200002452B /* CategoryList.swift in Sources */ = {isa = PBXBuildFile; fileRef = F41CBB6120938F200002452B /* CategoryList.swift */; };
		F41CBB6D20938F200002452B /* AddressInfo.swift in Sources */ = {isa = PBXBuildFile; fileRef = F41CBB6220938F200002452B /* AddressInfo.swift */; };
		F41CBB6F20938F200002452B /* ItemInfo.swift in Sources */ = {isa = PBXBuildFile; fileRef = F41CBB6420938F200002452B /* ItemInfo.swift */; };
		F41CBB7020938F200002452B /* CompanionInfo.swift in Sources */ = {isa = PBXBuildFile; fileRef = F41CBB6520938F200002452B /* CompanionInfo.swift */; };
		F45069E2205B3C3C001D2864 /* MiddlewareShippingProduct.swift in Sources */ = {isa = PBXBuildFile; fileRef = F45069DB205B3C3C001D2864 /* MiddlewareShippingProduct.swift */; };
		F45069E3205B3C3C001D2864 /* MiddlewareShippingAddress.swift in Sources */ = {isa = PBXBuildFile; fileRef = F45069DC205B3C3C001D2864 /* MiddlewareShippingAddress.swift */; };
		F45069E4205B3C3C001D2864 /* CreaActualizaOVREMResponseMW.swift in Sources */ = {isa = PBXBuildFile; fileRef = F45069DD205B3C3C001D2864 /* CreaActualizaOVREMResponseMW.swift */; };
		F45069E5205B3C3C001D2864 /* ResponseCrearOrdenMW.swift in Sources */ = {isa = PBXBuildFile; fileRef = F45069DE205B3C3C001D2864 /* ResponseCrearOrdenMW.swift */; };
		F45069E6205B3C3C001D2864 /* ResponseCreaActualizaOVREMMW.swift in Sources */ = {isa = PBXBuildFile; fileRef = F45069DF205B3C3C001D2864 /* ResponseCreaActualizaOVREMMW.swift */; };
		F45069E7205B3C3C001D2864 /* ResponseMiddleware.swift in Sources */ = {isa = PBXBuildFile; fileRef = F45069E0205B3C3C001D2864 /* ResponseMiddleware.swift */; };
		F45069E8205B3C3C001D2864 /* ResponseCreaActualizaOVREMSterlingMW.swift in Sources */ = {isa = PBXBuildFile; fileRef = F45069E1205B3C3C001D2864 /* ResponseCreaActualizaOVREMSterlingMW.swift */; };
		F7147C071F560A7200EC2C23 /* MiddlewareConnection.swift in Sources */ = {isa = PBXBuildFile; fileRef = F7147C061F560A7200EC2C23 /* MiddlewareConnection.swift */; };
/* End PBXBuildFile section */

/* Begin PBXContainerItemProxy section */
		2BE72FD11EFDFDA9009AC510 /* PBXContainerItemProxy */ = {
			isa = PBXContainerItemProxy;
			containerPortal = 2BE72FBD1EFDFDA8009AC510 /* Project object */;
			proxyType = 1;
			remoteGlobalIDString = 2BE72FC51EFDFDA9009AC510;
			remoteInfo = SellerAppNetworkingMW;
		};
/* End PBXContainerItemProxy section */

/* Begin PBXFileReference section */
		0046727D1FBBAEEF00A91A29 /* InventarioSOMSMW.swift */ = {isa = PBXFileReference; lastKnownFileType = sourcecode.swift; path = InventarioSOMSMW.swift; sourceTree = "<group>"; };
		004672851FBBBC3500A91A29 /* GetConsultaSkuPoolRecordMW.swift */ = {isa = PBXFileReference; fileEncoding = 4; lastKnownFileType = sourcecode.swift; path = GetConsultaSkuPoolRecordMW.swift; sourceTree = "<group>"; };
		004672861FBBBC3500A91A29 /* GetConsultaSkuPoolResponseMW.swift */ = {isa = PBXFileReference; fileEncoding = 4; lastKnownFileType = sourcecode.swift; path = GetConsultaSkuPoolResponseMW.swift; sourceTree = "<group>"; };
		004672871FBBBC3500A91A29 /* GetConsultaSkuPoolHeaderMW.swift */ = {isa = PBXFileReference; fileEncoding = 4; lastKnownFileType = sourcecode.swift; path = GetConsultaSkuPoolHeaderMW.swift; sourceTree = "<group>"; };
		0DC5EEAE2C6B7E7FD59C5B5B /* Pods-SellerAppNetworkingMW.release.xcconfig */ = {isa = PBXFileReference; includeInIndex = 1; lastKnownFileType = text.xcconfig; name = "Pods-SellerAppNetworkingMW.release.xcconfig"; path = "Pods/Target Support Files/Pods-SellerAppNetworkingMW/Pods-SellerAppNetworkingMW.release.xcconfig"; sourceTree = "<group>"; };
		1449491D2124D6C5005C6543 /* SellersOfferDetails.swift */ = {isa = PBXFileReference; fileEncoding = 4; lastKnownFileType = sourcecode.swift; path = SellersOfferDetails.swift; sourceTree = "<group>"; };
		144949212124D6E4005C6543 /* OfferDetailResponse.swift */ = {isa = PBXFileReference; lastKnownFileType = sourcecode.swift; path = OfferDetailResponse.swift; sourceTree = "<group>"; };
		144949232124DD02005C6543 /* StatusOffer.swift */ = {isa = PBXFileReference; lastKnownFileType = sourcecode.swift; path = StatusOffer.swift; sourceTree = "<group>"; };
		144AC6FA214963E700FB38E1 /* StoreDetailResponse.swift */ = {isa = PBXFileReference; fileEncoding = 4; lastKnownFileType = sourcecode.swift; path = StoreDetailResponse.swift; sourceTree = "<group>"; };
		14646415212E0885004F842C /* StatusSeller.swift */ = {isa = PBXFileReference; lastKnownFileType = sourcecode.swift; path = StatusSeller.swift; sourceTree = "<group>"; };
		1490EAD9212E000D00657114 /* Recommendation.swift */ = {isa = PBXFileReference; fileEncoding = 4; lastKnownFileType = sourcecode.swift; path = Recommendation.swift; sourceTree = "<group>"; };
		1490EADA212E000E00657114 /* ContactInfo.swift */ = {isa = PBXFileReference; fileEncoding = 4; lastKnownFileType = sourcecode.swift; path = ContactInfo.swift; sourceTree = "<group>"; };
		1490EADC212E000E00657114 /* EvaltionsInfoBeanList.swift */ = {isa = PBXFileReference; fileEncoding = 4; lastKnownFileType = sourcecode.swift; path = EvaltionsInfoBeanList.swift; sourceTree = "<group>"; };
		1490EADD212E000E00657114 /* WarehouseInfo.swift */ = {isa = PBXFileReference; fileEncoding = 4; lastKnownFileType = sourcecode.swift; path = WarehouseInfo.swift; sourceTree = "<group>"; };
		1490EAE4212E002700657114 /* SellerDetailsResponse.swift */ = {isa = PBXFileReference; lastKnownFileType = sourcecode.swift; path = SellerDetailsResponse.swift; sourceTree = "<group>"; };
		2B11985A1F01AE5900C7A1FC /* Records.swift */ = {isa = PBXFileReference; fileEncoding = 4; lastKnownFileType = sourcecode.swift; path = Records.swift; sourceTree = "<group>"; };
		2B11985C1F01AE7F00C7A1FC /* PLPState.swift */ = {isa = PBXFileReference; fileEncoding = 4; lastKnownFileType = sourcecode.swift; path = PLPState.swift; sourceTree = "<group>"; };
		2B11985E1F01B02200C7A1FC /* RefinementGroups.swift */ = {isa = PBXFileReference; fileEncoding = 4; lastKnownFileType = sourcecode.swift; path = RefinementGroups.swift; sourceTree = "<group>"; };
		2B1198601F01B06D00C7A1FC /* Refinement.swift */ = {isa = PBXFileReference; fileEncoding = 4; lastKnownFileType = sourcecode.swift; path = Refinement.swift; sourceTree = "<group>"; };
		2B1198621F01B1F100C7A1FC /* SortOptions.swift */ = {isa = PBXFileReference; fileEncoding = 4; lastKnownFileType = sourcecode.swift; path = SortOptions.swift; sourceTree = "<group>"; };
		2B1198641F01B2EC00C7A1FC /* MacVariantsInfo.swift */ = {isa = PBXFileReference; fileEncoding = 4; lastKnownFileType = sourcecode.swift; path = MacVariantsInfo.swift; sourceTree = "<group>"; };
		2B1310E61F016E5500611EC9 /* Home.swift */ = {isa = PBXFileReference; fileEncoding = 4; lastKnownFileType = sourcecode.swift; path = Home.swift; sourceTree = "<group>"; };
		2B1310E81F016EAB00611EC9 /* CarousalBanners.swift */ = {isa = PBXFileReference; fileEncoding = 4; lastKnownFileType = sourcecode.swift; path = CarousalBanners.swift; sourceTree = "<group>"; };
		2B1310EA1F016ECF00611EC9 /* StackBanners.swift */ = {isa = PBXFileReference; fileEncoding = 4; lastKnownFileType = sourcecode.swift; path = StackBanners.swift; sourceTree = "<group>"; };
		2B1310EE1F01704B00611EC9 /* BestSellerProducts.swift */ = {isa = PBXFileReference; fileEncoding = 4; lastKnownFileType = sourcecode.swift; path = BestSellerProducts.swift; sourceTree = "<group>"; };
		2B396EB11EFF5CEE008194C8 /* AsyncClientMW.swift */ = {isa = PBXFileReference; fileEncoding = 4; lastKnownFileType = sourcecode.swift; path = AsyncClientMW.swift; sourceTree = "<group>"; };
		2B396EB21EFF5CEE008194C8 /* CategoryInfo.swift */ = {isa = PBXFileReference; fileEncoding = 4; lastKnownFileType = sourcecode.swift; path = CategoryInfo.swift; sourceTree = "<group>"; };
		2B396EB31EFF5CEE008194C8 /* MenuLevel.swift */ = {isa = PBXFileReference; fileEncoding = 4; lastKnownFileType = sourcecode.swift; path = MenuLevel.swift; sourceTree = "<group>"; };
		2B396EB41EFF5CEE008194C8 /* BackendUrlManager.swift */ = {isa = PBXFileReference; fileEncoding = 4; lastKnownFileType = sourcecode.swift; path = BackendUrlManager.swift; sourceTree = "<group>"; };
		2B3BE2591F306F8C00726D14 /* SKUsImages.swift */ = {isa = PBXFileReference; fileEncoding = 4; lastKnownFileType = sourcecode.swift; path = SKUsImages.swift; sourceTree = "<group>"; };
		2B3BE25B1F306FB900726D14 /* Sku.swift */ = {isa = PBXFileReference; fileEncoding = 4; lastKnownFileType = sourcecode.swift; path = Sku.swift; sourceTree = "<group>"; };
		2B3C78371F02AE9100FAB4BA /* PLPLevel.swift */ = {isa = PBXFileReference; fileEncoding = 4; lastKnownFileType = sourcecode.swift; path = PLPLevel.swift; sourceTree = "<group>"; };
		2B7FD14B1F01BE5A00232C66 /* PLPResults.swift */ = {isa = PBXFileReference; fileEncoding = 4; lastKnownFileType = sourcecode.swift; path = PLPResults.swift; sourceTree = "<group>"; };
		2B7FD14D1F01C46700232C66 /* PLPParameters.swift */ = {isa = PBXFileReference; fileEncoding = 4; lastKnownFileType = sourcecode.swift; path = PLPParameters.swift; sourceTree = "<group>"; };
		2BE72FC61EFDFDA9009AC510 /* SellerAppNetworkingMW.framework */ = {isa = PBXFileReference; explicitFileType = wrapper.framework; includeInIndex = 0; path = SellerAppNetworkingMW.framework; sourceTree = BUILT_PRODUCTS_DIR; };
		2BE72FC91EFDFDA9009AC510 /* SellerAppNetworkingMW.h */ = {isa = PBXFileReference; lastKnownFileType = sourcecode.c.h; path = SellerAppNetworkingMW.h; sourceTree = "<group>"; };
		2BE72FCA1EFDFDA9009AC510 /* Info.plist */ = {isa = PBXFileReference; lastKnownFileType = text.plist.xml; path = Info.plist; sourceTree = "<group>"; };
		2BE72FCF1EFDFDA9009AC510 /* SellerAppNetworkingMWTests.xctest */ = {isa = PBXFileReference; explicitFileType = wrapper.cfbundle; includeInIndex = 0; path = SellerAppNetworkingMWTests.xctest; sourceTree = BUILT_PRODUCTS_DIR; };
		2BE72FD41EFDFDA9009AC510 /* SellerAppNetworkingMWTests.swift */ = {isa = PBXFileReference; lastKnownFileType = sourcecode.swift; path = SellerAppNetworkingMWTests.swift; sourceTree = "<group>"; };
		2BE72FD61EFDFDA9009AC510 /* Info.plist */ = {isa = PBXFileReference; lastKnownFileType = text.plist.xml; path = Info.plist; sourceTree = "<group>"; };
		2BE72FE01EFE0014009AC510 /* Greeting.swift */ = {isa = PBXFileReference; fileEncoding = 4; lastKnownFileType = sourcecode.swift; path = Greeting.swift; sourceTree = "<group>"; };
		552B99411F1D1E4100F1E622 /* OrdersLevel.swift */ = {isa = PBXFileReference; fileEncoding = 4; lastKnownFileType = sourcecode.swift; path = OrdersLevel.swift; sourceTree = "<group>"; };
		552B99431F1D1E8F00F1E622 /* Skuarray.swift */ = {isa = PBXFileReference; fileEncoding = 4; lastKnownFileType = sourcecode.swift; path = Skuarray.swift; sourceTree = "<group>"; };
		5593FDFF1F1FBBD80012E8B2 /* ProductListOrder.swift */ = {isa = PBXFileReference; fileEncoding = 4; lastKnownFileType = sourcecode.swift; path = ProductListOrder.swift; sourceTree = "<group>"; };
		5593FE011F1FBBE40012E8B2 /* RemisionesConsultaOrdenresponse.swift */ = {isa = PBXFileReference; fileEncoding = 4; lastKnownFileType = sourcecode.swift; path = RemisionesConsultaOrdenresponse.swift; sourceTree = "<group>"; };
		5593FE031F1FBBF20012E8B2 /* direccionDestinatario.swift */ = {isa = PBXFileReference; fileEncoding = 4; lastKnownFileType = sourcecode.swift; path = direccionDestinatario.swift; sourceTree = "<group>"; };
		63064D0521652A0E00044D49 /* StatusSS.swift */ = {isa = PBXFileReference; fileEncoding = 4; lastKnownFileType = sourcecode.swift; path = StatusSS.swift; sourceTree = "<group>"; };
		63064D0621652A0E00044D49 /* ProductsSS.swift */ = {isa = PBXFileReference; fileEncoding = 4; lastKnownFileType = sourcecode.swift; path = ProductsSS.swift; sourceTree = "<group>"; };
		63064D0721652A0E00044D49 /* SellerInfoSS.swift */ = {isa = PBXFileReference; fileEncoding = 4; lastKnownFileType = sourcecode.swift; path = SellerInfoSS.swift; sourceTree = "<group>"; };
		63064D0821652A0F00044D49 /* ShippmentStatusSS.swift */ = {isa = PBXFileReference; fileEncoding = 4; lastKnownFileType = sourcecode.swift; path = ShippmentStatusSS.swift; sourceTree = "<group>"; };
		63064D0921652A0F00044D49 /* ShipmentStatusBase.swift */ = {isa = PBXFileReference; fileEncoding = 4; lastKnownFileType = sourcecode.swift; path = ShipmentStatusBase.swift; sourceTree = "<group>"; };
		63064D0A21652A1000044D49 /* ShippingSS.swift */ = {isa = PBXFileReference; fileEncoding = 4; lastKnownFileType = sourcecode.swift; path = ShippingSS.swift; sourceTree = "<group>"; };
		6326E48E215EC6670034A1DF /* Purchases.swift */ = {isa = PBXFileReference; fileEncoding = 4; lastKnownFileType = sourcecode.swift; path = Purchases.swift; sourceTree = "<group>"; };
		6326E490215EC6890034A1DF /* ShippingGroups.swift */ = {isa = PBXFileReference; fileEncoding = 4; lastKnownFileType = sourcecode.swift; path = ShippingGroups.swift; sourceTree = "<group>"; };
		6326E491215EC6890034A1DF /* Delivery.swift */ = {isa = PBXFileReference; fileEncoding = 4; lastKnownFileType = sourcecode.swift; path = Delivery.swift; sourceTree = "<group>"; };
		6326E492215EC6890034A1DF /* Payment.swift */ = {isa = PBXFileReference; fileEncoding = 4; lastKnownFileType = sourcecode.swift; path = Payment.swift; sourceTree = "<group>"; };
		6326E496215EC69F0034A1DF /* Edd.swift */ = {isa = PBXFileReference; fileEncoding = 4; lastKnownFileType = sourcecode.swift; path = Edd.swift; sourceTree = "<group>"; };
		6326E497215EC69F0034A1DF /* Products.swift */ = {isa = PBXFileReference; fileEncoding = 4; lastKnownFileType = sourcecode.swift; path = Products.swift; sourceTree = "<group>"; };
		63690015215533AB009C4624 /* ZonasBlancas.swift */ = {isa = PBXFileReference; lastKnownFileType = sourcecode.swift; path = ZonasBlancas.swift; sourceTree = "<group>"; };
		636A1AE4216153EF00649D7A /* ArrayPurchase.swift */ = {isa = PBXFileReference; lastKnownFileType = sourcecode.swift; path = ArrayPurchase.swift; sourceTree = "<group>"; };
		71992E171F576BB100EE35A2 /* ShoppingListResponse.swift */ = {isa = PBXFileReference; fileEncoding = 4; lastKnownFileType = sourcecode.swift; path = ShoppingListResponse.swift; sourceTree = "<group>"; };
		71992E191F576C0200EE35A2 /* DatosCliente.swift */ = {isa = PBXFileReference; fileEncoding = 4; lastKnownFileType = sourcecode.swift; path = DatosCliente.swift; sourceTree = "<group>"; };
		71992E1B1F576C3200EE35A2 /* ListaSku.swift */ = {isa = PBXFileReference; fileEncoding = 4; lastKnownFileType = sourcecode.swift; path = ListaSku.swift; sourceTree = "<group>"; };
		71C31D891F1980C0003E7449 /* MiddlewareResponse.swift */ = {isa = PBXFileReference; fileEncoding = 4; lastKnownFileType = sourcecode.swift; path = MiddlewareResponse.swift; sourceTree = "<group>"; };
		71C31D8B1F1980D0003E7449 /* Results.swift */ = {isa = PBXFileReference; fileEncoding = 4; lastKnownFileType = sourcecode.swift; path = Results.swift; sourceTree = "<group>"; };
		834B7F401F6AFD3700146495 /* VariantsColor.swift */ = {isa = PBXFileReference; fileEncoding = 4; lastKnownFileType = sourcecode.swift; path = VariantsColor.swift; sourceTree = "<group>"; };
		8353927B1F631F8800FD3FFC /* PlpFlags.swift */ = {isa = PBXFileReference; fileEncoding = 4; lastKnownFileType = sourcecode.swift; path = PlpFlags.swift; sourceTree = "<group>"; };
		A94093FD1FCDE9620077C430 /* Flush.swift */ = {isa = PBXFileReference; lastKnownFileType = sourcecode.swift; path = Flush.swift; sourceTree = "<group>"; };
		A95357FF1F2BDDCA00369111 /* DynamicAttributes.swift */ = {isa = PBXFileReference; fileEncoding = 4; lastKnownFileType = sourcecode.swift; path = DynamicAttributes.swift; sourceTree = "<group>"; };
		A96A69491F20676100407A82 /* PDPLevel.swift */ = {isa = PBXFileReference; fileEncoding = 4; lastKnownFileType = sourcecode.swift; path = PDPLevel.swift; sourceTree = "<group>"; };
		A96A694C1F2068FB00407A82 /* CarruselDummy.swift */ = {isa = PBXFileReference; fileEncoding = 4; lastKnownFileType = sourcecode.swift; path = CarruselDummy.swift; sourceTree = "<group>"; };
		A96A694E1F20693600407A82 /* RecommendedItems.swift */ = {isa = PBXFileReference; fileEncoding = 4; lastKnownFileType = sourcecode.swift; path = RecommendedItems.swift; sourceTree = "<group>"; };
		A96A69501F206C2400407A82 /* BuscaProducto.swift */ = {isa = PBXFileReference; fileEncoding = 4; lastKnownFileType = sourcecode.swift; path = BuscaProducto.swift; sourceTree = "<group>"; };
		A96A69521F206D5700407A82 /* ProductInfo.swift */ = {isa = PBXFileReference; fileEncoding = 4; lastKnownFileType = sourcecode.swift; path = ProductInfo.swift; sourceTree = "<group>"; };
		A96A69541F206DB800407A82 /* Images.swift */ = {isa = PBXFileReference; fileEncoding = 4; lastKnownFileType = sourcecode.swift; path = Images.swift; sourceTree = "<group>"; };
		A96A69561F206DFC00407A82 /* RatingDetails.swift */ = {isa = PBXFileReference; fileEncoding = 4; lastKnownFileType = sourcecode.swift; path = RatingDetails.swift; sourceTree = "<group>"; };
		A96A69581F206E4200407A82 /* EddInfo.swift */ = {isa = PBXFileReference; fileEncoding = 4; lastKnownFileType = sourcecode.swift; path = EddInfo.swift; sourceTree = "<group>"; };
		A96A695A1F206FB300407A82 /* Promotions.swift */ = {isa = PBXFileReference; fileEncoding = 4; lastKnownFileType = sourcecode.swift; path = Promotions.swift; sourceTree = "<group>"; };
		A96A695C1F206FF800407A82 /* Flags.swift */ = {isa = PBXFileReference; fileEncoding = 4; lastKnownFileType = sourcecode.swift; path = Flags.swift; sourceTree = "<group>"; };
		A96A695E1F20703300407A82 /* Gwp.swift */ = {isa = PBXFileReference; fileEncoding = 4; lastKnownFileType = sourcecode.swift; path = Gwp.swift; sourceTree = "<group>"; };
		A96A69601F20766A00407A82 /* Recommendations.swift */ = {isa = PBXFileReference; fileEncoding = 4; lastKnownFileType = sourcecode.swift; path = Recommendations.swift; sourceTree = "<group>"; };
		A96A69621F2076E600407A82 /* Inventario.swift */ = {isa = PBXFileReference; fileEncoding = 4; lastKnownFileType = sourcecode.swift; path = Inventario.swift; sourceTree = "<group>"; };
		A96A69641F20779800407A82 /* Attributes.swift */ = {isa = PBXFileReference; fileEncoding = 4; lastKnownFileType = sourcecode.swift; path = Attributes.swift; sourceTree = "<group>"; };
		A96A69661F2077D700407A82 /* InventarioFull.swift */ = {isa = PBXFileReference; fileEncoding = 4; lastKnownFileType = sourcecode.swift; path = InventarioFull.swift; sourceTree = "<group>"; };
		A96A69681F20781D00407A82 /* ConsultaSkuInventarioResponse.swift */ = {isa = PBXFileReference; fileEncoding = 4; lastKnownFileType = sourcecode.swift; path = ConsultaSkuInventarioResponse.swift; sourceTree = "<group>"; };
		A96A696A1F20787500407A82 /* SapInventario.swift */ = {isa = PBXFileReference; fileEncoding = 4; lastKnownFileType = sourcecode.swift; path = SapInventario.swift; sourceTree = "<group>"; };
		A96A696C1F20797100407A82 /* SapSkuInventario.swift */ = {isa = PBXFileReference; fileEncoding = 4; lastKnownFileType = sourcecode.swift; path = SapSkuInventario.swift; sourceTree = "<group>"; };
		A96A696E1F207B7600407A82 /* VariantsInfo.swift */ = {isa = PBXFileReference; fileEncoding = 4; lastKnownFileType = sourcecode.swift; path = VariantsInfo.swift; sourceTree = "<group>"; };
		A96A69721F21057C00407A82 /* PDPParameters.swift */ = {isa = PBXFileReference; fileEncoding = 4; lastKnownFileType = sourcecode.swift; path = PDPParameters.swift; sourceTree = "<group>"; };
		A9A0EE101F0C528D0092DA45 /* GiftRegistryParamaters.swift */ = {isa = PBXFileReference; fileEncoding = 4; lastKnownFileType = sourcecode.swift; path = GiftRegistryParamaters.swift; sourceTree = "<group>"; };
		A9A0EE121F0CAB260092DA45 /* GiftRegistryPLPLevel.swift */ = {isa = PBXFileReference; fileEncoding = 4; lastKnownFileType = sourcecode.swift; path = GiftRegistryPLPLevel.swift; sourceTree = "<group>"; };
		A9A0EE151F0CAC190092DA45 /* ListaEventoResponse.swift */ = {isa = PBXFileReference; fileEncoding = 4; lastKnownFileType = sourcecode.swift; path = ListaEventoResponse.swift; sourceTree = "<group>"; };
		A9A0EE171F0CAC810092DA45 /* ListaDirecciones.swift */ = {isa = PBXFileReference; fileEncoding = 4; lastKnownFileType = sourcecode.swift; path = ListaDirecciones.swift; sourceTree = "<group>"; };
		A9A0EE191F0CACDA0092DA45 /* ListaFestejados.swift */ = {isa = PBXFileReference; fileEncoding = 4; lastKnownFileType = sourcecode.swift; path = ListaFestejados.swift; sourceTree = "<group>"; };
		A9A0EE1B1F0CAD170092DA45 /* ListaArticulos.swift */ = {isa = PBXFileReference; fileEncoding = 4; lastKnownFileType = sourcecode.swift; path = ListaArticulos.swift; sourceTree = "<group>"; };
		A9CA18BB1F7C4E9800F9ACBE /* Benefits.swift */ = {isa = PBXFileReference; fileEncoding = 4; lastKnownFileType = sourcecode.swift; path = Benefits.swift; sourceTree = "<group>"; };
		A9CA18C41F7C536F00F9ACBE /* MWItems.swift */ = {isa = PBXFileReference; fileEncoding = 4; lastKnownFileType = sourcecode.swift; path = MWItems.swift; sourceTree = "<group>"; };
		A9CA18C61F7C53A800F9ACBE /* Porcentaje.swift */ = {isa = PBXFileReference; fileEncoding = 4; lastKnownFileType = sourcecode.swift; path = Porcentaje.swift; sourceTree = "<group>"; };
		A9CA18C81F7D93EE00F9ACBE /* BenefitOptions.swift */ = {isa = PBXFileReference; fileEncoding = 4; lastKnownFileType = sourcecode.swift; path = BenefitOptions.swift; sourceTree = "<group>"; };
		B517F2702085081800194972 /* EventOwners.swift */ = {isa = PBXFileReference; lastKnownFileType = sourcecode.swift; path = EventOwners.swift; sourceTree = "<group>"; };
		B517F27220850A2900194972 /* CategoryProductsGiftList.swift */ = {isa = PBXFileReference; lastKnownFileType = sourcecode.swift; path = CategoryProductsGiftList.swift; sourceTree = "<group>"; };
		B517F27420850AD700194972 /* GiftListItems.swift */ = {isa = PBXFileReference; lastKnownFileType = sourcecode.swift; path = GiftListItems.swift; sourceTree = "<group>"; };
		B517F27820850E5900194972 /* Status.swift */ = {isa = PBXFileReference; lastKnownFileType = sourcecode.swift; path = Status.swift; sourceTree = "<group>"; };
		B517F27A20850EAF00194972 /* EventDetail.swift */ = {isa = PBXFileReference; lastKnownFileType = sourcecode.swift; path = EventDetail.swift; sourceTree = "<group>"; };
		B517F27C2085112500194972 /* EventSearch.swift */ = {isa = PBXFileReference; lastKnownFileType = sourcecode.swift; path = EventSearch.swift; sourceTree = "<group>"; };
		B517F27E2085122B00194972 /* Events.swift */ = {isa = PBXFileReference; lastKnownFileType = sourcecode.swift; path = Events.swift; sourceTree = "<group>"; };
		B51B56502097CD5800C6102A /* Address.swift */ = {isa = PBXFileReference; lastKnownFileType = sourcecode.swift; path = Address.swift; sourceTree = "<group>"; };
		D7D3AB2DC56018663124B01D /* Pods_SellerAppNetworkingMW.framework */ = {isa = PBXFileReference; explicitFileType = wrapper.framework; includeInIndex = 0; path = Pods_SellerAppNetworkingMW.framework; sourceTree = BUILT_PRODUCTS_DIR; };
		EED9284AA61F2EC8CF65C007 /* Pods-SellerAppNetworkingMW.debug.xcconfig */ = {isa = PBXFileReference; includeInIndex = 1; lastKnownFileType = text.xcconfig; name = "Pods-SellerAppNetworkingMW.debug.xcconfig"; path = "Pods/Target Support Files/Pods-SellerAppNetworkingMW/Pods-SellerAppNetworkingMW.debug.xcconfig"; sourceTree = "<group>"; };
		F40AFCFC212B26B500829426 /* MarketPlaceOffers.swift */ = {isa = PBXFileReference; fileEncoding = 4; lastKnownFileType = sourcecode.swift; path = MarketPlaceOffers.swift; sourceTree = "<group>"; };
		F40AFCFE212B26C600829426 /* SkuOffers.swift */ = {isa = PBXFileReference; fileEncoding = 4; lastKnownFileType = sourcecode.swift; path = SkuOffers.swift; sourceTree = "<group>"; };
		F40AFD00212B26E500829426 /* InventoryMKP.swift */ = {isa = PBXFileReference; lastKnownFileType = sourcecode.swift; path = InventoryMKP.swift; sourceTree = "<group>"; };
		F41A637120B74F2C00917538 /* MWResponse.swift */ = {isa = PBXFileReference; lastKnownFileType = sourcecode.swift; path = MWResponse.swift; sourceTree = "<group>"; };
		F41CBB5B20938F1F0002452B /* EventSearchDetail.swift */ = {isa = PBXFileReference; fileEncoding = 4; lastKnownFileType = sourcecode.swift; path = EventSearchDetail.swift; sourceTree = "<group>"; };
		F41CBB5C20938F1F0002452B /* EventInfo.swift */ = {isa = PBXFileReference; fileEncoding = 4; lastKnownFileType = sourcecode.swift; path = EventInfo.swift; sourceTree = "<group>"; };
		F41CBB5D20938F200002452B /* CelebratedList.swift */ = {isa = PBXFileReference; fileEncoding = 4; lastKnownFileType = sourcecode.swift; path = CelebratedList.swift; sourceTree = "<group>"; };
		F41CBB5E20938F200002452B /* GuestInfo.swift */ = {isa = PBXFileReference; fileEncoding = 4; lastKnownFileType = sourcecode.swift; path = GuestInfo.swift; sourceTree = "<group>"; };
		F41CBB5F20938F200002452B /* PurchaseInfo.swift */ = {isa = PBXFileReference; fileEncoding = 4; lastKnownFileType = sourcecode.swift; path = PurchaseInfo.swift; sourceTree = "<group>"; };
		F41CBB6020938F200002452B /* CategoryItemsInfo.swift */ = {isa = PBXFileReference; fileEncoding = 4; lastKnownFileType = sourcecode.swift; path = CategoryItemsInfo.swift; sourceTree = "<group>"; };
		F41CBB6120938F200002452B /* CategoryList.swift */ = {isa = PBXFileReference; fileEncoding = 4; lastKnownFileType = sourcecode.swift; path = CategoryList.swift; sourceTree = "<group>"; };
		F41CBB6220938F200002452B /* AddressInfo.swift */ = {isa = PBXFileReference; fileEncoding = 4; lastKnownFileType = sourcecode.swift; path = AddressInfo.swift; sourceTree = "<group>"; };
		F41CBB6420938F200002452B /* ItemInfo.swift */ = {isa = PBXFileReference; fileEncoding = 4; lastKnownFileType = sourcecode.swift; path = ItemInfo.swift; sourceTree = "<group>"; };
		F41CBB6520938F200002452B /* CompanionInfo.swift */ = {isa = PBXFileReference; fileEncoding = 4; lastKnownFileType = sourcecode.swift; path = CompanionInfo.swift; sourceTree = "<group>"; };
		F45069DB205B3C3C001D2864 /* MiddlewareShippingProduct.swift */ = {isa = PBXFileReference; fileEncoding = 4; lastKnownFileType = sourcecode.swift; path = MiddlewareShippingProduct.swift; sourceTree = "<group>"; };
		F45069DC205B3C3C001D2864 /* MiddlewareShippingAddress.swift */ = {isa = PBXFileReference; fileEncoding = 4; lastKnownFileType = sourcecode.swift; path = MiddlewareShippingAddress.swift; sourceTree = "<group>"; };
		F45069DD205B3C3C001D2864 /* CreaActualizaOVREMResponseMW.swift */ = {isa = PBXFileReference; fileEncoding = 4; lastKnownFileType = sourcecode.swift; path = CreaActualizaOVREMResponseMW.swift; sourceTree = "<group>"; };
		F45069DE205B3C3C001D2864 /* ResponseCrearOrdenMW.swift */ = {isa = PBXFileReference; fileEncoding = 4; lastKnownFileType = sourcecode.swift; path = ResponseCrearOrdenMW.swift; sourceTree = "<group>"; };
		F45069DF205B3C3C001D2864 /* ResponseCreaActualizaOVREMMW.swift */ = {isa = PBXFileReference; fileEncoding = 4; lastKnownFileType = sourcecode.swift; path = ResponseCreaActualizaOVREMMW.swift; sourceTree = "<group>"; };
		F45069E0205B3C3C001D2864 /* ResponseMiddleware.swift */ = {isa = PBXFileReference; fileEncoding = 4; lastKnownFileType = sourcecode.swift; path = ResponseMiddleware.swift; sourceTree = "<group>"; };
		F45069E1205B3C3C001D2864 /* ResponseCreaActualizaOVREMSterlingMW.swift */ = {isa = PBXFileReference; fileEncoding = 4; lastKnownFileType = sourcecode.swift; path = ResponseCreaActualizaOVREMSterlingMW.swift; sourceTree = "<group>"; };
		F7147C061F560A7200EC2C23 /* MiddlewareConnection.swift */ = {isa = PBXFileReference; fileEncoding = 4; lastKnownFileType = sourcecode.swift; path = MiddlewareConnection.swift; sourceTree = "<group>"; };
/* End PBXFileReference section */

/* Begin PBXFrameworksBuildPhase section */
		2BE72FC21EFDFDA9009AC510 /* Frameworks */ = {
			isa = PBXFrameworksBuildPhase;
			buildActionMask = 2147483647;
			files = (
				029CB05D096F97A9AE5265C3 /* Pods_SellerAppNetworkingMW.framework in Frameworks */,
			);
			runOnlyForDeploymentPostprocessing = 0;
		};
		2BE72FCC1EFDFDA9009AC510 /* Frameworks */ = {
			isa = PBXFrameworksBuildPhase;
			buildActionMask = 2147483647;
			files = (
				2BE72FD01EFDFDA9009AC510 /* SellerAppNetworkingMW.framework in Frameworks */,
			);
			runOnlyForDeploymentPostprocessing = 0;
		};
/* End PBXFrameworksBuildPhase section */

/* Begin PBXGroup section */
		1449491A2124D67F005C6543 /* MarketPlace */ = {
			isa = PBXGroup;
			children = (
				144AC6F92149631100FB38E1 /* StoreDetails */,
				1449491D2124D6C5005C6543 /* SellersOfferDetails.swift */,
				144949212124D6E4005C6543 /* OfferDetailResponse.swift */,
				144949232124DD02005C6543 /* StatusOffer.swift */,
			);
			name = MarketPlace;
			sourceTree = "<group>";
		};
		144AC6F92149631100FB38E1 /* StoreDetails */ = {
			isa = PBXGroup;
			children = (
				144AC6FA214963E700FB38E1 /* StoreDetailResponse.swift */,
			);
			name = StoreDetails;
			sourceTree = "<group>";
		};
		1490EAD7212DFF9100657114 /* SellerDetails */ = {
			isa = PBXGroup;
			children = (
				1490EADA212E000E00657114 /* ContactInfo.swift */,
				1490EADC212E000E00657114 /* EvaltionsInfoBeanList.swift */,
				1490EAD9212E000D00657114 /* Recommendation.swift */,
				1490EADD212E000E00657114 /* WarehouseInfo.swift */,
				1490EAE4212E002700657114 /* SellerDetailsResponse.swift */,
				14646415212E0885004F842C /* StatusSeller.swift */,
			);
			name = SellerDetails;
			sourceTree = "<group>";
		};
		2B1198571F01ADFF00C7A1FC /* PLP */ = {
			isa = PBXGroup;
			children = (
				2B7FD14B1F01BE5A00232C66 /* PLPResults.swift */,
				2B11985A1F01AE5900C7A1FC /* Records.swift */,
				2B11985C1F01AE7F00C7A1FC /* PLPState.swift */,
				2B11985E1F01B02200C7A1FC /* RefinementGroups.swift */,
				2B1198601F01B06D00C7A1FC /* Refinement.swift */,
				2B1198621F01B1F100C7A1FC /* SortOptions.swift */,
				2B1198641F01B2EC00C7A1FC /* MacVariantsInfo.swift */,
				2B7FD14D1F01C46700232C66 /* PLPParameters.swift */,
				2B3C78371F02AE9100FAB4BA /* PLPLevel.swift */,
				8353927B1F631F8800FD3FFC /* PlpFlags.swift */,
				834B7F401F6AFD3700146495 /* VariantsColor.swift */,
			);
			name = PLP;
			sourceTree = "<group>";
		};
		2B1310F11F01709B00611EC9 /* Home */ = {
			isa = PBXGroup;
			children = (
				2B1310E61F016E5500611EC9 /* Home.swift */,
				2B1310E81F016EAB00611EC9 /* CarousalBanners.swift */,
				2B1310EA1F016ECF00611EC9 /* StackBanners.swift */,
				2B1310EE1F01704B00611EC9 /* BestSellerProducts.swift */,
			);
			name = Home;
			sourceTree = "<group>";
		};
		2B3BE2581F306EC300726D14 /* ImagesSKU */ = {
			isa = PBXGroup;
			children = (
				2B3BE2591F306F8C00726D14 /* SKUsImages.swift */,
				2B3BE25B1F306FB900726D14 /* Sku.swift */,
			);
			name = ImagesSKU;
			sourceTree = "<group>";
		};
		2BE72FBC1EFDFDA8009AC510 = {
			isa = PBXGroup;
			children = (
				2BE72FC81EFDFDA9009AC510 /* SellerAppNetworkingMW */,
				2BE72FD31EFDFDA9009AC510 /* SellerAppNetworkingMWTests */,
				2BE72FC71EFDFDA9009AC510 /* Products */,
				DDADBD590239A2CC2EC320C2 /* Pods */,
				A5C7F4203BD00C2377A028F1 /* Frameworks */,
			);
			sourceTree = "<group>";
		};
		2BE72FC71EFDFDA9009AC510 /* Products */ = {
			isa = PBXGroup;
			children = (
				2BE72FC61EFDFDA9009AC510 /* SellerAppNetworkingMW.framework */,
				2BE72FCF1EFDFDA9009AC510 /* SellerAppNetworkingMWTests.xctest */,
			);
			name = Products;
			sourceTree = "<group>";
		};
		2BE72FC81EFDFDA9009AC510 /* SellerAppNetworkingMW */ = {
			isa = PBXGroup;
			children = (
				2BE72FE21EFEF52C009AC510 /* Services */,
				2BE72FC91EFDFDA9009AC510 /* SellerAppNetworkingMW.h */,
				2BE72FCA1EFDFDA9009AC510 /* Info.plist */,
				2BE72FE01EFE0014009AC510 /* Greeting.swift */,
			);
			path = SellerAppNetworkingMW;
			sourceTree = "<group>";
		};
		2BE72FD31EFDFDA9009AC510 /* SellerAppNetworkingMWTests */ = {
			isa = PBXGroup;
			children = (
				2BE72FD41EFDFDA9009AC510 /* SellerAppNetworkingMWTests.swift */,
				2BE72FD61EFDFDA9009AC510 /* Info.plist */,
			);
			path = SellerAppNetworkingMWTests;
			sourceTree = "<group>";
		};
		2BE72FE21EFEF52C009AC510 /* Services */ = {
			isa = PBXGroup;
			children = (
				2BE72FE71EFF4AA7009AC510 /* AsyncClientMWObjects */,
			);
			name = Services;
			sourceTree = "<group>";
		};
		2BE72FE71EFF4AA7009AC510 /* AsyncClientMWObjects */ = {
			isa = PBXGroup;
			children = (
				2B396EB11EFF5CEE008194C8 /* AsyncClientMW.swift */,
				2B396EB41EFF5CEE008194C8 /* BackendUrlManager.swift */,
				2B396EB21EFF5CEE008194C8 /* CategoryInfo.swift */,
				5593FE031F1FBBF20012E8B2 /* direccionDestinatario.swift */,
				2B396EB31EFF5CEE008194C8 /* MenuLevel.swift */,
				F7147C061F560A7200EC2C23 /* MiddlewareConnection.swift */,
				F41A637120B74F2C00917538 /* MWResponse.swift */,
				552B99411F1D1E4100F1E622 /* OrdersLevel.swift */,
				5593FDFF1F1FBBD80012E8B2 /* ProductListOrder.swift */,
				5593FE011F1FBBE40012E8B2 /* RemisionesConsultaOrdenresponse.swift */,
				552B99431F1D1E8F00F1E622 /* Skuarray.swift */,
				63330EAC21642015004BB70D /* Shipment Status */,
				6326E48D215EC60B0034A1DF /* SearchOrder */,
				63690017215533C6009C4624 /* ZonasBlancas */,
				A9CA18BD1F7C4E9D00F9ACBE /* Benefits */,
				A94093FC1FCDE9080077C430 /* Cache */,
				A9A0EE141F0CAB380092DA45 /* GiftRegistryPLP */,
				2B1310F11F01709B00611EC9 /* Home */,
				2B3BE2581F306EC300726D14 /* ImagesSKU */,
				1449491A2124D67F005C6543 /* MarketPlace */,
				B517F26F208506DF00194972 /* NewGiftRegistry */,
				A96A694B1F20676600407A82 /* PDP */,
				2B1198571F01ADFF00C7A1FC /* PLP */,
				F45069DA205B3C3C001D2864 /* Remissions */,
				71C31D881F1980A8003E7449 /* Search */,
				71992E161F576B6F00EE35A2 /* ShoppingList */,
			);
			name = AsyncClientMWObjects;
			sourceTree = "<group>";
		};
		6326E48D215EC60B0034A1DF /* SearchOrder */ = {
			isa = PBXGroup;
			children = (
				636A1AE4216153EF00649D7A /* ArrayPurchase.swift */,
				6326E48E215EC6670034A1DF /* Purchases.swift */,
				6326E491215EC6890034A1DF /* Delivery.swift */,
				6326E492215EC6890034A1DF /* Payment.swift */,
				6326E490215EC6890034A1DF /* ShippingGroups.swift */,
				6326E496215EC69F0034A1DF /* Edd.swift */,
				6326E497215EC69F0034A1DF /* Products.swift */,
			);
			name = SearchOrder;
			sourceTree = "<group>";
		};
		63330EAC21642015004BB70D /* Shipment Status */ = {
			isa = PBXGroup;
			children = (
				63064D0921652A0F00044D49 /* ShipmentStatusBase.swift */,
				63064D0621652A0E00044D49 /* ProductsSS.swift */,
				63064D0721652A0E00044D49 /* SellerInfoSS.swift */,
				63064D0A21652A1000044D49 /* ShippingSS.swift */,
				63064D0821652A0F00044D49 /* ShippmentStatusSS.swift */,
				63064D0521652A0E00044D49 /* StatusSS.swift */,
			);
			name = "Shipment Status";
			sourceTree = "<group>";
		};
		63690017215533C6009C4624 /* ZonasBlancas */ = {
			isa = PBXGroup;
			children = (
				63690015215533AB009C4624 /* ZonasBlancas.swift */,
			);
			name = ZonasBlancas;
			sourceTree = "<group>";
		};
		71992E161F576B6F00EE35A2 /* ShoppingList */ = {
			isa = PBXGroup;
			children = (
				71992E171F576BB100EE35A2 /* ShoppingListResponse.swift */,
				71992E191F576C0200EE35A2 /* DatosCliente.swift */,
				71992E1B1F576C3200EE35A2 /* ListaSku.swift */,
			);
			name = ShoppingList;
			sourceTree = "<group>";
		};
		71C31D881F1980A8003E7449 /* Search */ = {
			isa = PBXGroup;
			children = (
				71C31D891F1980C0003E7449 /* MiddlewareResponse.swift */,
				71C31D8B1F1980D0003E7449 /* Results.swift */,
			);
			name = Search;
			sourceTree = "<group>";
		};
		A5C7F4203BD00C2377A028F1 /* Frameworks */ = {
			isa = PBXGroup;
			children = (
				D7D3AB2DC56018663124B01D /* Pods_SellerAppNetworkingMW.framework */,
			);
			name = Frameworks;
			sourceTree = "<group>";
		};
		A94093FC1FCDE9080077C430 /* Cache */ = {
			isa = PBXGroup;
			children = (
				A94093FD1FCDE9620077C430 /* Flush.swift */,
			);
			name = Cache;
			sourceTree = "<group>";
		};
		A96A694B1F20676600407A82 /* PDP */ = {
			isa = PBXGroup;
			children = (
				F40AFCFB212B24EF00829426 /* MKP */,
				A96A69641F20779800407A82 /* Attributes.swift */,
				A96A69501F206C2400407A82 /* BuscaProducto.swift */,
				A96A694C1F2068FB00407A82 /* CarruselDummy.swift */,
				A96A69681F20781D00407A82 /* ConsultaSkuInventarioResponse.swift */,
				A95357FF1F2BDDCA00369111 /* DynamicAttributes.swift */,
				A96A69581F206E4200407A82 /* EddInfo.swift */,
				A96A695C1F206FF800407A82 /* Flags.swift */,
				004672871FBBBC3500A91A29 /* GetConsultaSkuPoolHeaderMW.swift */,
				004672851FBBBC3500A91A29 /* GetConsultaSkuPoolRecordMW.swift */,
				004672861FBBBC3500A91A29 /* GetConsultaSkuPoolResponseMW.swift */,
				A96A695E1F20703300407A82 /* Gwp.swift */,
				A96A69541F206DB800407A82 /* Images.swift */,
				A96A69621F2076E600407A82 /* Inventario.swift */,
				A96A69661F2077D700407A82 /* InventarioFull.swift */,
				0046727D1FBBAEEF00A91A29 /* InventarioSOMSMW.swift */,
				A96A69491F20676100407A82 /* PDPLevel.swift */,
				A96A69721F21057C00407A82 /* PDPParameters.swift */,
				A96A69521F206D5700407A82 /* ProductInfo.swift */,
				A96A695A1F206FB300407A82 /* Promotions.swift */,
				A96A69561F206DFC00407A82 /* RatingDetails.swift */,
				A96A69601F20766A00407A82 /* Recommendations.swift */,
				A96A694E1F20693600407A82 /* RecommendedItems.swift */,
				A96A696A1F20787500407A82 /* SapInventario.swift */,
				A96A696C1F20797100407A82 /* SapSkuInventario.swift */,
				A96A696E1F207B7600407A82 /* VariantsInfo.swift */,
			);
			name = PDP;
			sourceTree = "<group>";
		};
		A9A0EE141F0CAB380092DA45 /* GiftRegistryPLP */ = {
			isa = PBXGroup;
			children = (
				A9A0EE101F0C528D0092DA45 /* GiftRegistryParamaters.swift */,
				A9A0EE121F0CAB260092DA45 /* GiftRegistryPLPLevel.swift */,
				A9A0EE151F0CAC190092DA45 /* ListaEventoResponse.swift */,
				A9A0EE171F0CAC810092DA45 /* ListaDirecciones.swift */,
				A9A0EE191F0CACDA0092DA45 /* ListaFestejados.swift */,
				A9A0EE1B1F0CAD170092DA45 /* ListaArticulos.swift */,
			);
			name = GiftRegistryPLP;
			sourceTree = "<group>";
		};
		A9CA18BD1F7C4E9D00F9ACBE /* Benefits */ = {
			isa = PBXGroup;
			children = (
				A9CA18BB1F7C4E9800F9ACBE /* Benefits.swift */,
				A9CA18C81F7D93EE00F9ACBE /* BenefitOptions.swift */,
				A9CA18C41F7C536F00F9ACBE /* MWItems.swift */,
				A9CA18C61F7C53A800F9ACBE /* Porcentaje.swift */,
			);
			name = Benefits;
			sourceTree = "<group>";
		};
		B517F26F208506DF00194972 /* NewGiftRegistry */ = {
			isa = PBXGroup;
			children = (
				F41CBB5A20938E6B0002452B /* EventSearchDetailNew */,
				B517F2702085081800194972 /* EventOwners.swift */,
				B517F27220850A2900194972 /* CategoryProductsGiftList.swift */,
				B517F27420850AD700194972 /* GiftListItems.swift */,
				B517F27820850E5900194972 /* Status.swift */,
				B517F27A20850EAF00194972 /* EventDetail.swift */,
				B517F27C2085112500194972 /* EventSearch.swift */,
				B517F27E2085122B00194972 /* Events.swift */,
				B51B56502097CD5800C6102A /* Address.swift */,
			);
			name = NewGiftRegistry;
			sourceTree = "<group>";
		};
		DDADBD590239A2CC2EC320C2 /* Pods */ = {
			isa = PBXGroup;
			children = (
				EED9284AA61F2EC8CF65C007 /* Pods-SellerAppNetworkingMW.debug.xcconfig */,
				0DC5EEAE2C6B7E7FD59C5B5B /* Pods-SellerAppNetworkingMW.release.xcconfig */,
			);
			name = Pods;
			sourceTree = "<group>";
		};
		F40AFCFB212B24EF00829426 /* MKP */ = {
			isa = PBXGroup;
			children = (
				1490EAD7212DFF9100657114 /* SellerDetails */,
				F40AFCFE212B26C600829426 /* SkuOffers.swift */,
				F40AFCFC212B26B500829426 /* MarketPlaceOffers.swift */,
				F40AFD00212B26E500829426 /* InventoryMKP.swift */,
			);
			name = MKP;
			sourceTree = "<group>";
		};
		F41CBB5A20938E6B0002452B /* EventSearchDetailNew */ = {
			isa = PBXGroup;
			children = (
				F41CBB5B20938F1F0002452B /* EventSearchDetail.swift */,
				F41CBB5C20938F1F0002452B /* EventInfo.swift */,
				F41CBB6220938F200002452B /* AddressInfo.swift */,
				F41CBB6120938F200002452B /* CategoryList.swift */,
				F41CBB6020938F200002452B /* CategoryItemsInfo.swift */,
				F41CBB6420938F200002452B /* ItemInfo.swift */,
				F41CBB5E20938F200002452B /* GuestInfo.swift */,
				F41CBB6520938F200002452B /* CompanionInfo.swift */,
				F41CBB5F20938F200002452B /* PurchaseInfo.swift */,
				F41CBB5D20938F200002452B /* CelebratedList.swift */,
			);
			name = EventSearchDetailNew;
			sourceTree = "<group>";
		};
		F45069DA205B3C3C001D2864 /* Remissions */ = {
			isa = PBXGroup;
			children = (
				F45069DB205B3C3C001D2864 /* MiddlewareShippingProduct.swift */,
				F45069DC205B3C3C001D2864 /* MiddlewareShippingAddress.swift */,
				F45069DD205B3C3C001D2864 /* CreaActualizaOVREMResponseMW.swift */,
				F45069DE205B3C3C001D2864 /* ResponseCrearOrdenMW.swift */,
				F45069DF205B3C3C001D2864 /* ResponseCreaActualizaOVREMMW.swift */,
				F45069E0205B3C3C001D2864 /* ResponseMiddleware.swift */,
				F45069E1205B3C3C001D2864 /* ResponseCreaActualizaOVREMSterlingMW.swift */,
			);
			path = Remissions;
			sourceTree = "<group>";
		};
/* End PBXGroup section */

/* Begin PBXHeadersBuildPhase section */
		2BE72FC31EFDFDA9009AC510 /* Headers */ = {
			isa = PBXHeadersBuildPhase;
			buildActionMask = 2147483647;
			files = (
				2BE72FD71EFDFDA9009AC510 /* SellerAppNetworkingMW.h in Headers */,
			);
			runOnlyForDeploymentPostprocessing = 0;
		};
/* End PBXHeadersBuildPhase section */

/* Begin PBXNativeTarget section */
		2BE72FC51EFDFDA9009AC510 /* SellerAppNetworkingMW */ = {
			isa = PBXNativeTarget;
			buildConfigurationList = 2BE72FDA1EFDFDA9009AC510 /* Build configuration list for PBXNativeTarget "SellerAppNetworkingMW" */;
			buildPhases = (
				1D8AD68686D0B5F0DCC0BA8C /* [CP] Check Pods Manifest.lock */,
				2BE72FC11EFDFDA9009AC510 /* Sources */,
				2BE72FC21EFDFDA9009AC510 /* Frameworks */,
				2BE72FC31EFDFDA9009AC510 /* Headers */,
				2BE72FC41EFDFDA9009AC510 /* Resources */,
			);
			buildRules = (
			);
			dependencies = (
			);
			name = SellerAppNetworkingMW;
			productName = SellerAppNetworkingMW;
			productReference = 2BE72FC61EFDFDA9009AC510 /* SellerAppNetworkingMW.framework */;
			productType = "com.apple.product-type.framework";
		};
		2BE72FCE1EFDFDA9009AC510 /* SellerAppNetworkingMWTests */ = {
			isa = PBXNativeTarget;
			buildConfigurationList = 2BE72FDD1EFDFDA9009AC510 /* Build configuration list for PBXNativeTarget "SellerAppNetworkingMWTests" */;
			buildPhases = (
				2BE72FCB1EFDFDA9009AC510 /* Sources */,
				2BE72FCC1EFDFDA9009AC510 /* Frameworks */,
				2BE72FCD1EFDFDA9009AC510 /* Resources */,
			);
			buildRules = (
			);
			dependencies = (
				2BE72FD21EFDFDA9009AC510 /* PBXTargetDependency */,
			);
			name = SellerAppNetworkingMWTests;
			productName = SellerAppNetworkingMWTests;
			productReference = 2BE72FCF1EFDFDA9009AC510 /* SellerAppNetworkingMWTests.xctest */;
			productType = "com.apple.product-type.bundle.unit-test";
		};
/* End PBXNativeTarget section */

/* Begin PBXProject section */
		2BE72FBD1EFDFDA8009AC510 /* Project object */ = {
			isa = PBXProject;
			attributes = {
				LastSwiftUpdateCheck = 0830;
				LastUpgradeCheck = 0830;
				ORGANIZATIONNAME = Liverpool;
				TargetAttributes = {
					2BE72FC51EFDFDA9009AC510 = {
						CreatedOnToolsVersion = 8.3.3;
						DevelopmentTeam = K62NRM4MSY;
						LastSwiftMigration = 0830;
						ProvisioningStyle = Automatic;
					};
					2BE72FCE1EFDFDA9009AC510 = {
						CreatedOnToolsVersion = 8.3.3;
						DevelopmentTeam = K62NRM4MSY;
						ProvisioningStyle = Automatic;
					};
				};
			};
			buildConfigurationList = 2BE72FC01EFDFDA8009AC510 /* Build configuration list for PBXProject "SellerAppNetworkingMW" */;
			compatibilityVersion = "Xcode 3.2";
			developmentRegion = English;
			hasScannedForEncodings = 0;
			knownRegions = (
				en,
			);
			mainGroup = 2BE72FBC1EFDFDA8009AC510;
			productRefGroup = 2BE72FC71EFDFDA9009AC510 /* Products */;
			projectDirPath = "";
			projectRoot = "";
			targets = (
				2BE72FC51EFDFDA9009AC510 /* SellerAppNetworkingMW */,
				2BE72FCE1EFDFDA9009AC510 /* SellerAppNetworkingMWTests */,
			);
		};
/* End PBXProject section */

/* Begin PBXResourcesBuildPhase section */
		2BE72FC41EFDFDA9009AC510 /* Resources */ = {
			isa = PBXResourcesBuildPhase;
			buildActionMask = 2147483647;
			files = (
			);
			runOnlyForDeploymentPostprocessing = 0;
		};
		2BE72FCD1EFDFDA9009AC510 /* Resources */ = {
			isa = PBXResourcesBuildPhase;
			buildActionMask = 2147483647;
			files = (
			);
			runOnlyForDeploymentPostprocessing = 0;
		};
/* End PBXResourcesBuildPhase section */

/* Begin PBXShellScriptBuildPhase section */
		1D8AD68686D0B5F0DCC0BA8C /* [CP] Check Pods Manifest.lock */ = {
			isa = PBXShellScriptBuildPhase;
			buildActionMask = 2147483647;
			files = (
			);
			inputPaths = (
				"${PODS_PODFILE_DIR_PATH}/Podfile.lock",
				"${PODS_ROOT}/Manifest.lock",
			);
			name = "[CP] Check Pods Manifest.lock";
			outputPaths = (
				"$(DERIVED_FILE_DIR)/Pods-SellerAppNetworkingMW-checkManifestLockResult.txt",
			);
			runOnlyForDeploymentPostprocessing = 0;
			shellPath = /bin/sh;
			shellScript = "diff \"${PODS_PODFILE_DIR_PATH}/Podfile.lock\" \"${PODS_ROOT}/Manifest.lock\" > /dev/null\nif [ $? != 0 ] ; then\n    # print error to STDERR\n    echo \"error: The sandbox is not in sync with the Podfile.lock. Run 'pod install' or update your CocoaPods installation.\" >&2\n    exit 1\nfi\n# This output is used by Xcode 'outputs' to avoid re-running this script phase.\necho \"SUCCESS\" > \"${SCRIPT_OUTPUT_FILE_0}\"\n";
			showEnvVarsInLog = 0;
		};
/* End PBXShellScriptBuildPhase section */

/* Begin PBXSourcesBuildPhase section */
		2BE72FC11EFDFDA9009AC510 /* Sources */ = {
			isa = PBXSourcesBuildPhase;
			buildActionMask = 2147483647;
			files = (
				1490EAE5212E002700657114 /* SellerDetailsResponse.swift in Sources */,
				004672891FBBBC3500A91A29 /* GetConsultaSkuPoolResponseMW.swift in Sources */,
				B517F27920850E5900194972 /* Status.swift in Sources */,
				0046727E1FBBAEEF00A91A29 /* InventarioSOMSMW.swift in Sources */,
				71992E181F576BB100EE35A2 /* ShoppingListResponse.swift in Sources */,
				71992E1C1F576C3200EE35A2 /* ListaSku.swift in Sources */,
				63064D0D21652A1100044D49 /* SellerInfoSS.swift in Sources */,
				1490EAE2212E000E00657114 /* EvaltionsInfoBeanList.swift in Sources */,
				A96A694F1F20693600407A82 /* RecommendedItems.swift in Sources */,
				1490EAE0212E000E00657114 /* ContactInfo.swift in Sources */,
				F41CBB6920938F200002452B /* GuestInfo.swift in Sources */,
				A96A69671F2077D700407A82 /* InventarioFull.swift in Sources */,
				144949202124D6C5005C6543 /* SellersOfferDetails.swift in Sources */,
				144949222124D6E4005C6543 /* OfferDetailResponse.swift in Sources */,
				B517F27320850A2900194972 /* CategoryProductsGiftList.swift in Sources */,
				F41CBB6720938F200002452B /* EventInfo.swift in Sources */,
				F45069E8205B3C3C001D2864 /* ResponseCreaActualizaOVREMSterlingMW.swift in Sources */,
				6326E495215EC6890034A1DF /* Payment.swift in Sources */,
				A94093FE1FCDE9620077C430 /* Flush.swift in Sources */,
				A9CA18C91F7D93EE00F9ACBE /* BenefitOptions.swift in Sources */,
				63064D0B21652A1100044D49 /* StatusSS.swift in Sources */,
				A96A69511F206C2400407A82 /* BuscaProducto.swift in Sources */,
				F45069E2205B3C3C001D2864 /* MiddlewareShippingProduct.swift in Sources */,
				6326E48F215EC6670034A1DF /* Purchases.swift in Sources */,
				A96A69631F2076E600407A82 /* Inventario.swift in Sources */,
				63064D1021652A1100044D49 /* ShippingSS.swift in Sources */,
				A9A0EE131F0CAB260092DA45 /* GiftRegistryPLPLevel.swift in Sources */,
				2B1198631F01B1F100C7A1FC /* SortOptions.swift in Sources */,
				F41CBB7020938F200002452B /* CompanionInfo.swift in Sources */,
				63064D0E21652A1100044D49 /* ShippmentStatusSS.swift in Sources */,
				5593FE001F1FBBD80012E8B2 /* ProductListOrder.swift in Sources */,
				2B396EB51EFF5CEE008194C8 /* AsyncClientMW.swift in Sources */,
				F40AFD01212B26E500829426 /* InventoryMKP.swift in Sources */,
				F41CBB6A20938F200002452B /* PurchaseInfo.swift in Sources */,
				0046728A1FBBBC3500A91A29 /* GetConsultaSkuPoolHeaderMW.swift in Sources */,
				F41CBB6C20938F200002452B /* CategoryList.swift in Sources */,
				B51B56512097CD5800C6102A /* Address.swift in Sources */,
				8353927C1F631F8800FD3FFC /* PlpFlags.swift in Sources */,
				2B396EB61EFF5CEE008194C8 /* CategoryInfo.swift in Sources */,
				6326E498215EC69F0034A1DF /* Edd.swift in Sources */,
				2B396EB81EFF5CEE008194C8 /* BackendUrlManager.swift in Sources */,
				A96A696B1F20787500407A82 /* SapInventario.swift in Sources */,
				A96A69571F206DFC00407A82 /* RatingDetails.swift in Sources */,
				A9CA18C51F7C536F00F9ACBE /* MWItems.swift in Sources */,
				F41CBB6B20938F200002452B /* CategoryItemsInfo.swift in Sources */,
				6326E494215EC6890034A1DF /* Delivery.swift in Sources */,
				A96A695F1F20703300407A82 /* Gwp.swift in Sources */,
				A9CA18C71F7C53A800F9ACBE /* Porcentaje.swift in Sources */,
				A9A0EE161F0CAC190092DA45 /* ListaEventoResponse.swift in Sources */,
				B517F2712085081800194972 /* EventOwners.swift in Sources */,
				F40AFCFD212B26B500829426 /* MarketPlaceOffers.swift in Sources */,
				F41A637220B74F2C00917538 /* MWResponse.swift in Sources */,
				F40AFCFF212B26C600829426 /* SkuOffers.swift in Sources */,
				2B1198611F01B06D00C7A1FC /* Refinement.swift in Sources */,
				A95358001F2BDDCA00369111 /* DynamicAttributes.swift in Sources */,
				A96A694D1F2068FB00407A82 /* CarruselDummy.swift in Sources */,
				2B1310E91F016EAB00611EC9 /* CarousalBanners.swift in Sources */,
				F45069E6205B3C3C001D2864 /* ResponseCreaActualizaOVREMMW.swift in Sources */,
				004672881FBBBC3500A91A29 /* GetConsultaSkuPoolRecordMW.swift in Sources */,
				F7147C071F560A7200EC2C23 /* MiddlewareConnection.swift in Sources */,
				F45069E5205B3C3C001D2864 /* ResponseCrearOrdenMW.swift in Sources */,
				F41CBB6D20938F200002452B /* AddressInfo.swift in Sources */,
				A96A69611F20766A00407A82 /* Recommendations.swift in Sources */,
				A96A695D1F206FF800407A82 /* Flags.swift in Sources */,
				2B1310EB1F016ECF00611EC9 /* StackBanners.swift in Sources */,
				A96A694A1F20676100407A82 /* PDPLevel.swift in Sources */,
				552B99441F1D1E8F00F1E622 /* Skuarray.swift in Sources */,
				F45069E3205B3C3C001D2864 /* MiddlewareShippingAddress.swift in Sources */,
				2B3BE25A1F306F8C00726D14 /* SKUsImages.swift in Sources */,
				2B3C78381F02AE9100FAB4BA /* PLPLevel.swift in Sources */,
				2B3BE25C1F306FB900726D14 /* Sku.swift in Sources */,
				71C31D8A1F1980C0003E7449 /* MiddlewareResponse.swift in Sources */,
				B517F27B20850EAF00194972 /* EventDetail.swift in Sources */,
				2BE72FE11EFE0014009AC510 /* Greeting.swift in Sources */,
				A96A696F1F207B7600407A82 /* VariantsInfo.swift in Sources */,
				A96A696D1F20797100407A82 /* SapSkuInventario.swift in Sources */,
				2B7FD14E1F01C46700232C66 /* PLPParameters.swift in Sources */,
				A96A69731F21057C00407A82 /* PDPParameters.swift in Sources */,
				63690016215533AB009C4624 /* ZonasBlancas.swift in Sources */,
				2B11985B1F01AE5900C7A1FC /* Records.swift in Sources */,
				A9A0EE1A1F0CACDA0092DA45 /* ListaFestejados.swift in Sources */,
				63064D0F21652A1100044D49 /* ShipmentStatusBase.swift in Sources */,
				6326E499215EC69F0034A1DF /* Products.swift in Sources */,
				71C31D8C1F1980D0003E7449 /* Results.swift in Sources */,
				B517F27520850AD700194972 /* GiftListItems.swift in Sources */,
				A9A0EE181F0CAC810092DA45 /* ListaDirecciones.swift in Sources */,
				A96A695B1F206FB300407A82 /* Promotions.swift in Sources */,
				2B1310EF1F01704B00611EC9 /* BestSellerProducts.swift in Sources */,
				B517F27F2085122B00194972 /* Events.swift in Sources */,
				144949242124DD02005C6543 /* StatusOffer.swift in Sources */,
				B517F27D2085112500194972 /* EventSearch.swift in Sources */,
				A96A69651F20779800407A82 /* Attributes.swift in Sources */,
				F41CBB6620938F200002452B /* EventSearchDetail.swift in Sources */,
				2B11985F1F01B02200C7A1FC /* RefinementGroups.swift in Sources */,
				F41CBB6F20938F200002452B /* ItemInfo.swift in Sources */,
				552B99421F1D1E4100F1E622 /* OrdersLevel.swift in Sources */,
				71992E1A1F576C0200EE35A2 /* DatosCliente.swift in Sources */,
				5593FE021F1FBBE40012E8B2 /* RemisionesConsultaOrdenresponse.swift in Sources */,
				2B1310E71F016E5500611EC9 /* Home.swift in Sources */,
				1490EAE3212E000E00657114 /* WarehouseInfo.swift in Sources */,
				F45069E7205B3C3C001D2864 /* ResponseMiddleware.swift in Sources */,
				A96A69591F206E4200407A82 /* EddInfo.swift in Sources */,
				F45069E4205B3C3C001D2864 /* CreaActualizaOVREMResponseMW.swift in Sources */,
				A96A69691F20781D00407A82 /* ConsultaSkuInventarioResponse.swift in Sources */,
				834B7F411F6AFD3700146495 /* VariantsColor.swift in Sources */,
				A9CA18BC1F7C4E9800F9ACBE /* Benefits.swift in Sources */,
				63064D0C21652A1100044D49 /* ProductsSS.swift in Sources */,
				6326E493215EC6890034A1DF /* ShippingGroups.swift in Sources */,
				1490EADF212E000E00657114 /* Recommendation.swift in Sources */,
				A9A0EE111F0C528D0092DA45 /* GiftRegistryParamaters.swift in Sources */,
				A96A69551F206DB800407A82 /* Images.swift in Sources */,
				A96A69531F206D5700407A82 /* ProductInfo.swift in Sources */,
				2B7FD14C1F01BE5A00232C66 /* PLPResults.swift in Sources */,
				14646416212E0885004F842C /* StatusSeller.swift in Sources */,
				636A1AE5216153EF00649D7A /* ArrayPurchase.swift in Sources */,
				2B1198651F01B2EC00C7A1FC /* MacVariantsInfo.swift in Sources */,
				2B11985D1F01AE7F00C7A1FC /* PLPState.swift in Sources */,
				A9A0EE1C1F0CAD170092DA45 /* ListaArticulos.swift in Sources */,
				F41CBB6820938F200002452B /* CelebratedList.swift in Sources */,
				5593FE041F1FBBF20012E8B2 /* direccionDestinatario.swift in Sources */,
				2B396EB71EFF5CEE008194C8 /* MenuLevel.swift in Sources */,
				1493909C2153F01600DCEC94 /* StoreDetailResponse.swift in Sources */,
			);
			runOnlyForDeploymentPostprocessing = 0;
		};
		2BE72FCB1EFDFDA9009AC510 /* Sources */ = {
			isa = PBXSourcesBuildPhase;
			buildActionMask = 2147483647;
			files = (
				2BE72FD51EFDFDA9009AC510 /* SellerAppNetworkingMWTests.swift in Sources */,
			);
			runOnlyForDeploymentPostprocessing = 0;
		};
/* End PBXSourcesBuildPhase section */

/* Begin PBXTargetDependency section */
		2BE72FD21EFDFDA9009AC510 /* PBXTargetDependency */ = {
			isa = PBXTargetDependency;
			target = 2BE72FC51EFDFDA9009AC510 /* SellerAppNetworkingMW */;
			targetProxy = 2BE72FD11EFDFDA9009AC510 /* PBXContainerItemProxy */;
		};
/* End PBXTargetDependency section */

/* Begin XCBuildConfiguration section */
		2BE72FD81EFDFDA9009AC510 /* Debug */ = {
			isa = XCBuildConfiguration;
			buildSettings = {
				ALWAYS_SEARCH_USER_PATHS = NO;
				CLANG_ANALYZER_NONNULL = YES;
				CLANG_ANALYZER_NUMBER_OBJECT_CONVERSION = YES_AGGRESSIVE;
				CLANG_CXX_LANGUAGE_STANDARD = "gnu++0x";
				CLANG_CXX_LIBRARY = "libc++";
				CLANG_ENABLE_MODULES = YES;
				CLANG_ENABLE_OBJC_ARC = YES;
				CLANG_WARN_BOOL_CONVERSION = YES;
				CLANG_WARN_CONSTANT_CONVERSION = YES;
				CLANG_WARN_DIRECT_OBJC_ISA_USAGE = YES_ERROR;
				CLANG_WARN_DOCUMENTATION_COMMENTS = YES;
				CLANG_WARN_EMPTY_BODY = YES;
				CLANG_WARN_ENUM_CONVERSION = YES;
				CLANG_WARN_INFINITE_RECURSION = YES;
				CLANG_WARN_INT_CONVERSION = YES;
				CLANG_WARN_OBJC_ROOT_CLASS = YES_ERROR;
				CLANG_WARN_SUSPICIOUS_MOVE = YES;
				CLANG_WARN_UNREACHABLE_CODE = YES;
				CLANG_WARN__DUPLICATE_METHOD_MATCH = YES;
				"CODE_SIGN_IDENTITY[sdk=iphoneos*]" = "iPhone Developer";
				COPY_PHASE_STRIP = NO;
				CURRENT_PROJECT_VERSION = 1;
				DEBUG_INFORMATION_FORMAT = dwarf;
				ENABLE_STRICT_OBJC_MSGSEND = YES;
				ENABLE_TESTABILITY = YES;
				GCC_C_LANGUAGE_STANDARD = gnu99;
				GCC_DYNAMIC_NO_PIC = NO;
				GCC_NO_COMMON_BLOCKS = YES;
				GCC_OPTIMIZATION_LEVEL = 0;
				GCC_PREPROCESSOR_DEFINITIONS = (
					"DEBUG=1",
					"$(inherited)",
				);
				GCC_WARN_64_TO_32_BIT_CONVERSION = YES;
				GCC_WARN_ABOUT_RETURN_TYPE = YES_ERROR;
				GCC_WARN_UNDECLARED_SELECTOR = YES;
				GCC_WARN_UNINITIALIZED_AUTOS = YES_AGGRESSIVE;
				GCC_WARN_UNUSED_FUNCTION = YES;
				GCC_WARN_UNUSED_VARIABLE = YES;
				IPHONEOS_DEPLOYMENT_TARGET = 10.3;
				MTL_ENABLE_DEBUG_INFO = YES;
				ONLY_ACTIVE_ARCH = YES;
				SDKROOT = iphoneos;
				SWIFT_ACTIVE_COMPILATION_CONDITIONS = DEBUG;
				SWIFT_OPTIMIZATION_LEVEL = "-Onone";
				SWIFT_VERSION = 4.2;
				TARGETED_DEVICE_FAMILY = "1,2";
				VERSIONING_SYSTEM = "apple-generic";
				VERSION_INFO_PREFIX = "";
			};
			name = Debug;
		};
		2BE72FD91EFDFDA9009AC510 /* Release */ = {
			isa = XCBuildConfiguration;
			buildSettings = {
				ALWAYS_SEARCH_USER_PATHS = NO;
				CLANG_ANALYZER_NONNULL = YES;
				CLANG_ANALYZER_NUMBER_OBJECT_CONVERSION = YES_AGGRESSIVE;
				CLANG_CXX_LANGUAGE_STANDARD = "gnu++0x";
				CLANG_CXX_LIBRARY = "libc++";
				CLANG_ENABLE_MODULES = YES;
				CLANG_ENABLE_OBJC_ARC = YES;
				CLANG_WARN_BOOL_CONVERSION = YES;
				CLANG_WARN_CONSTANT_CONVERSION = YES;
				CLANG_WARN_DIRECT_OBJC_ISA_USAGE = YES_ERROR;
				CLANG_WARN_DOCUMENTATION_COMMENTS = YES;
				CLANG_WARN_EMPTY_BODY = YES;
				CLANG_WARN_ENUM_CONVERSION = YES;
				CLANG_WARN_INFINITE_RECURSION = YES;
				CLANG_WARN_INT_CONVERSION = YES;
				CLANG_WARN_OBJC_ROOT_CLASS = YES_ERROR;
				CLANG_WARN_SUSPICIOUS_MOVE = YES;
				CLANG_WARN_UNREACHABLE_CODE = YES;
				CLANG_WARN__DUPLICATE_METHOD_MATCH = YES;
				"CODE_SIGN_IDENTITY[sdk=iphoneos*]" = "iPhone Developer";
				COPY_PHASE_STRIP = NO;
				CURRENT_PROJECT_VERSION = 1;
				DEBUG_INFORMATION_FORMAT = "dwarf-with-dsym";
				ENABLE_NS_ASSERTIONS = NO;
				ENABLE_STRICT_OBJC_MSGSEND = YES;
				GCC_C_LANGUAGE_STANDARD = gnu99;
				GCC_NO_COMMON_BLOCKS = YES;
				GCC_WARN_64_TO_32_BIT_CONVERSION = YES;
				GCC_WARN_ABOUT_RETURN_TYPE = YES_ERROR;
				GCC_WARN_UNDECLARED_SELECTOR = YES;
				GCC_WARN_UNINITIALIZED_AUTOS = YES_AGGRESSIVE;
				GCC_WARN_UNUSED_FUNCTION = YES;
				GCC_WARN_UNUSED_VARIABLE = YES;
				IPHONEOS_DEPLOYMENT_TARGET = 10.3;
				MTL_ENABLE_DEBUG_INFO = NO;
				SDKROOT = iphoneos;
				SWIFT_OPTIMIZATION_LEVEL = "-Owholemodule";
				SWIFT_VERSION = 4.2;
				TARGETED_DEVICE_FAMILY = "1,2";
				VALIDATE_PRODUCT = YES;
				VERSIONING_SYSTEM = "apple-generic";
				VERSION_INFO_PREFIX = "";
			};
			name = Release;
		};
		2BE72FDB1EFDFDA9009AC510 /* Debug */ = {
			isa = XCBuildConfiguration;
			baseConfigurationReference = EED9284AA61F2EC8CF65C007 /* Pods-SellerAppNetworkingMW.debug.xcconfig */;
			buildSettings = {
				CLANG_ENABLE_MODULES = YES;
				CODE_SIGN_IDENTITY = "";
				DEFINES_MODULE = YES;
				DEVELOPMENT_TEAM = K62NRM4MSY;
				DYLIB_COMPATIBILITY_VERSION = 1;
				DYLIB_CURRENT_VERSION = 1;
				DYLIB_INSTALL_NAME_BASE = "@rpath";
				INFOPLIST_FILE = SellerAppNetworkingMW/Info.plist;
				INSTALL_PATH = "$(LOCAL_LIBRARY_DIR)/Frameworks";
				LD_RUNPATH_SEARCH_PATHS = "$(inherited) @executable_path/Frameworks @loader_path/Frameworks";
				PRODUCT_BUNDLE_IDENTIFIER = com.quantumb.SellerAppNetworkingMW;
				PRODUCT_NAME = "$(TARGET_NAME)";
				SKIP_INSTALL = YES;
				SWIFT_OPTIMIZATION_LEVEL = "-Onone";
				SWIFT_VERSION = 4.2;
			};
			name = Debug;
		};
		2BE72FDC1EFDFDA9009AC510 /* Release */ = {
			isa = XCBuildConfiguration;
			baseConfigurationReference = 0DC5EEAE2C6B7E7FD59C5B5B /* Pods-SellerAppNetworkingMW.release.xcconfig */;
			buildSettings = {
				CLANG_ENABLE_MODULES = YES;
				CODE_SIGN_IDENTITY = "";
				DEFINES_MODULE = YES;
				DEVELOPMENT_TEAM = K62NRM4MSY;
				DYLIB_COMPATIBILITY_VERSION = 1;
				DYLIB_CURRENT_VERSION = 1;
				DYLIB_INSTALL_NAME_BASE = "@rpath";
				INFOPLIST_FILE = SellerAppNetworkingMW/Info.plist;
				INSTALL_PATH = "$(LOCAL_LIBRARY_DIR)/Frameworks";
				LD_RUNPATH_SEARCH_PATHS = "$(inherited) @executable_path/Frameworks @loader_path/Frameworks";
				PRODUCT_BUNDLE_IDENTIFIER = com.quantumb.SellerAppNetworkingMW;
				PRODUCT_NAME = "$(TARGET_NAME)";
				SKIP_INSTALL = YES;
				SWIFT_VERSION = 4.2;
			};
			name = Release;
		};
		2BE72FDE1EFDFDA9009AC510 /* Debug */ = {
			isa = XCBuildConfiguration;
			buildSettings = {
				ALWAYS_EMBED_SWIFT_STANDARD_LIBRARIES = YES;
				DEVELOPMENT_TEAM = K62NRM4MSY;
				INFOPLIST_FILE = SellerAppNetworkingMWTests/Info.plist;
				LD_RUNPATH_SEARCH_PATHS = "$(inherited) @executable_path/Frameworks @loader_path/Frameworks";
				PRODUCT_BUNDLE_IDENTIFIER = com.quantumb.SellerAppNetworkingMWTests;
				PRODUCT_NAME = "$(TARGET_NAME)";
				SWIFT_VERSION = 4.2;
			};
			name = Debug;
		};
		2BE72FDF1EFDFDA9009AC510 /* Release */ = {
			isa = XCBuildConfiguration;
			buildSettings = {
				ALWAYS_EMBED_SWIFT_STANDARD_LIBRARIES = YES;
				DEVELOPMENT_TEAM = K62NRM4MSY;
				INFOPLIST_FILE = SellerAppNetworkingMWTests/Info.plist;
				LD_RUNPATH_SEARCH_PATHS = "$(inherited) @executable_path/Frameworks @loader_path/Frameworks";
				PRODUCT_BUNDLE_IDENTIFIER = com.quantumb.SellerAppNetworkingMWTests;
				PRODUCT_NAME = "$(TARGET_NAME)";
				SWIFT_VERSION = 4.2;
			};
			name = Release;
		};
/* End XCBuildConfiguration section */

/* Begin XCConfigurationList section */
		2BE72FC01EFDFDA8009AC510 /* Build configuration list for PBXProject "SellerAppNetworkingMW" */ = {
			isa = XCConfigurationList;
			buildConfigurations = (
				2BE72FD81EFDFDA9009AC510 /* Debug */,
				2BE72FD91EFDFDA9009AC510 /* Release */,
			);
			defaultConfigurationIsVisible = 0;
			defaultConfigurationName = Release;
		};
		2BE72FDA1EFDFDA9009AC510 /* Build configuration list for PBXNativeTarget "SellerAppNetworkingMW" */ = {
			isa = XCConfigurationList;
			buildConfigurations = (
				2BE72FDB1EFDFDA9009AC510 /* Debug */,
				2BE72FDC1EFDFDA9009AC510 /* Release */,
			);
			defaultConfigurationIsVisible = 0;
			defaultConfigurationName = Release;
		};
		2BE72FDD1EFDFDA9009AC510 /* Build configuration list for PBXNativeTarget "SellerAppNetworkingMWTests" */ = {
			isa = XCConfigurationList;
			buildConfigurations = (
				2BE72FDE1EFDFDA9009AC510 /* Debug */,
				2BE72FDF1EFDFDA9009AC510 /* Release */,
			);
			defaultConfigurationIsVisible = 0;
			defaultConfigurationName = Release;
		};
/* End XCConfigurationList section */
	};
	rootObject = 2BE72FBD1EFDFDA8009AC510 /* Project object */;
}
